// !$*UTF8*$!
{
	archiveVersion = 1;
	classes = {
	};
	objectVersion = 46;
	objects = {

/* Begin PBXBuildFile section */
		755E8B5F4EF16AE272269967 /* Pods_BaoKanIOS.framework in Frameworks */ = {isa = PBXBuildFile; fileRef = 78AE24D9060DB0DB52A08859 /* Pods_BaoKanIOS.framework */; };
		A50FF20E1C26914500D2F040 /* BaoKanIOSTests.swift in Sources */ = {isa = PBXBuildFile; fileRef = A50FF20D1C26914500D2F040 /* BaoKanIOSTests.swift */; };
		A50FF2191C26914500D2F040 /* BaoKanIOSUITests.swift in Sources */ = {isa = PBXBuildFile; fileRef = A50FF2181C26914500D2F040 /* BaoKanIOSUITests.swift */; };
		A5309C271C47719900455EB8 /* JFArticleListModel.swift in Sources */ = {isa = PBXBuildFile; fileRef = A5309C261C47719900455EB8 /* JFArticleListModel.swift */; };
		A55CD9021C76E47E0087CA0A /* api.swift in Sources */ = {isa = PBXBuildFile; fileRef = A55CD9011C76E47E0087CA0A /* api.swift */; };
		A55CD9061C76EDF80087CA0A /* Color+Extension.swift in Sources */ = {isa = PBXBuildFile; fileRef = A55CD9051C76EDF80087CA0A /* Color+Extension.swift */; };
		A56BF6FC1C364511001E9F5A /* LaunchScreen.storyboard in Resources */ = {isa = PBXBuildFile; fileRef = A50FF2011C26914500D2F040 /* LaunchScreen.storyboard */; };
		A56BF6FF1C365919001E9F5A /* JFCommon.swift in Sources */ = {isa = PBXBuildFile; fileRef = A56BF6FE1C365919001E9F5A /* JFCommon.swift */; };
		A56ED56E1C7AB02F009B862D /* UIView+Extension.swift in Sources */ = {isa = PBXBuildFile; fileRef = A56ED56D1C7AB02F009B862D /* UIView+Extension.swift */; };
		A56ED5701C7AB5CA009B862D /* style.css in Resources */ = {isa = PBXBuildFile; fileRef = A56ED56F1C7AB5CA009B862D /* style.css */; };
		A56ED5721C7ABAB0009B862D /* String+Extension.swift in Sources */ = {isa = PBXBuildFile; fileRef = A56ED5711C7ABAB0009B862D /* String+Extension.swift */; };
		A5B279C21C36392F003C773D /* AppDelegate.swift in Sources */ = {isa = PBXBuildFile; fileRef = A5B279921C36392F003C773D /* AppDelegate.swift */; };
		A5B279C51C36392F003C773D /* JFNavigationController.swift in Sources */ = {isa = PBXBuildFile; fileRef = A5B2799E1C36392F003C773D /* JFNavigationController.swift */; };
		A5B279C61C36392F003C773D /* JFTabBarController.swift in Sources */ = {isa = PBXBuildFile; fileRef = A5B2799F1C36392F003C773D /* JFTabBarController.swift */; };
		A5B279C91C36392F003C773D /* JFProfileViewController.storyboard in Resources */ = {isa = PBXBuildFile; fileRef = A5B279AA1C36392F003C773D /* JFProfileViewController.storyboard */; };
		A5B279CA1C36392F003C773D /* JFProfileViewController.swift in Sources */ = {isa = PBXBuildFile; fileRef = A5B279AB1C36392F003C773D /* JFProfileViewController.swift */; };
		A5B279CB1C36392F003C773D /* JFReadViewController.storyboard in Resources */ = {isa = PBXBuildFile; fileRef = A5B279B01C36392F003C773D /* JFReadViewController.storyboard */; };
		A5B279CC1C36392F003C773D /* JFReadViewController.swift in Sources */ = {isa = PBXBuildFile; fileRef = A5B279B11C36392F003C773D /* JFReadViewController.swift */; };
		A5B279CF1C36392F003C773D /* JFNetworkTool.swift in Sources */ = {isa = PBXBuildFile; fileRef = A5B279BB1C36392F003C773D /* JFNetworkTool.swift */; };
		A5B279D01C36392F003C773D /* JFProgressHUD.swift in Sources */ = {isa = PBXBuildFile; fileRef = A5B279BC1C36392F003C773D /* JFProgressHUD.swift */; };
		A5B279D11C36392F003C773D /* BaoKanIOS.xcdatamodeld in Sources */ = {isa = PBXBuildFile; fileRef = A5B279C01C36392F003C773D /* BaoKanIOS.xcdatamodeld */; };
		B2003BCD1CB64531006D1C08 /* JFPhotoDetailViewController.swift in Sources */ = {isa = PBXBuildFile; fileRef = B2003BCC1CB64531006D1C08 /* JFPhotoDetailViewController.swift */; };
		B204229B1CED4FEF009227C8 /* JFPhotoBottomBar.swift in Sources */ = {isa = PBXBuildFile; fileRef = B204229A1CED4FEF009227C8 /* JFPhotoBottomBar.swift */; };
		B204229D1CED4FFD009227C8 /* JFPhotoBottomBar.xib in Resources */ = {isa = PBXBuildFile; fileRef = B204229C1CED4FFD009227C8 /* JFPhotoBottomBar.xib */; };
		B220AAEE1CE1C424007FBBD2 /* UIImage+Extension.swift in Sources */ = {isa = PBXBuildFile; fileRef = B220AAED1CE1C424007FBBD2 /* UIImage+Extension.swift */; };
		B24952831CEC47EC006229C2 /* JFCommentTableViewController.swift in Sources */ = {isa = PBXBuildFile; fileRef = B24952821CEC47EC006229C2 /* JFCommentTableViewController.swift */; };
		B24952851CEC4A41006229C2 /* JFCommentModel.swift in Sources */ = {isa = PBXBuildFile; fileRef = B24952841CEC4A41006229C2 /* JFCommentModel.swift */; };
		B28716BF1CEC540800E1E3E5 /* JFCommentCell.swift in Sources */ = {isa = PBXBuildFile; fileRef = B28716BD1CEC540800E1E3E5 /* JFCommentCell.swift */; };
		B28716C01CEC540800E1E3E5 /* JFCommentCell.xib in Resources */ = {isa = PBXBuildFile; fileRef = B28716BE1CEC540800E1E3E5 /* JFCommentCell.xib */; };
		B2BD226D1CE581B3009E0877 /* JFEditProfileViewController.swift in Sources */ = {isa = PBXBuildFile; fileRef = B2BD226C1CE581B3009E0877 /* JFEditProfileViewController.swift */; };
		B2BD226F1CE5823A009E0877 /* JFProfileFeedbackViewController.swift in Sources */ = {isa = PBXBuildFile; fileRef = B2BD226E1CE5823A009E0877 /* JFProfileFeedbackViewController.swift */; };
		B2BD22711CE5829A009E0877 /* JFDutyViewController.swift in Sources */ = {isa = PBXBuildFile; fileRef = B2BD22701CE5829A009E0877 /* JFDutyViewController.swift */; };
		B2BD22731CE584DF009E0877 /* JFProgressView.swift in Sources */ = {isa = PBXBuildFile; fileRef = B2BD22721CE584DF009E0877 /* JFProgressView.swift */; };
		B2BD227B1CE5DD5C009E0877 /* JFCollectionTableViewController.swift in Sources */ = {isa = PBXBuildFile; fileRef = B2BD22771CE5DD5C009E0877 /* JFCollectionTableViewController.swift */; };
		B2BD227F1CE5DDE0009E0877 /* JFLoginViewController.swift in Sources */ = {isa = PBXBuildFile; fileRef = B2BD227D1CE5DDE0009E0877 /* JFLoginViewController.swift */; };
		B2BD22801CE5DDE0009E0877 /* JFLoginViewController.xib in Resources */ = {isa = PBXBuildFile; fileRef = B2BD227E1CE5DDE0009E0877 /* JFLoginViewController.xib */; };
		B2BD22831CE5DDF3009E0877 /* JFRegisterViewController.swift in Sources */ = {isa = PBXBuildFile; fileRef = B2BD22811CE5DDF3009E0877 /* JFRegisterViewController.swift */; };
		B2BD22841CE5DDF3009E0877 /* JFRegisterViewController.xib in Resources */ = {isa = PBXBuildFile; fileRef = B2BD22821CE5DDF3009E0877 /* JFRegisterViewController.xib */; };
		B2CBAA6A1CEAEAD6007DA5B7 /* JFAccountModel.swift in Sources */ = {isa = PBXBuildFile; fileRef = B2CBAA691CEAEAD6007DA5B7 /* JFAccountModel.swift */; };
		B2CBAA6C1CEB0645007DA5B7 /* JFLoginButton.swift in Sources */ = {isa = PBXBuildFile; fileRef = B2CBAA6B1CEB0645007DA5B7 /* JFLoginButton.swift */; };
		B2DD3FA31CB7BDF60092C717 /* libz.tbd in Frameworks */ = {isa = PBXBuildFile; fileRef = B2DD3FA21CB7BDF60092C717 /* libz.tbd */; };
		B2E3DF8E1CB222560081745A /* JFNewsDetailViewController.swift in Sources */ = {isa = PBXBuildFile; fileRef = B2E3DF821CB222560081745A /* JFNewsDetailViewController.swift */; };
		B2E3DF8F1CB222560081745A /* JFNewsTableViewController.swift in Sources */ = {isa = PBXBuildFile; fileRef = B2E3DF831CB222560081745A /* JFNewsTableViewController.swift */; };
		B2E3DF901CB222560081745A /* JFNewsViewController.storyboard in Resources */ = {isa = PBXBuildFile; fileRef = B2E3DF841CB222560081745A /* JFNewsViewController.storyboard */; };
		B2E3DF911CB222560081745A /* JFNewsViewController.swift in Sources */ = {isa = PBXBuildFile; fileRef = B2E3DF851CB222560081745A /* JFNewsViewController.swift */; };
		B2E3DF921CB222560081745A /* JFDetailADCell.swift in Sources */ = {isa = PBXBuildFile; fileRef = B2E3DF871CB222560081745A /* JFDetailADCell.swift */; };
		B2E3DF931CB222560081745A /* JFDetailOtherCell.swift in Sources */ = {isa = PBXBuildFile; fileRef = B2E3DF881CB222560081745A /* JFDetailOtherCell.swift */; };
		B2E3DF941CB222560081745A /* JFNewsBottomBar.swift in Sources */ = {isa = PBXBuildFile; fileRef = B2E3DF891CB222560081745A /* JFNewsBottomBar.swift */; };
		B2E3DF951CB222560081745A /* JFNewsBottomBar.xib in Resources */ = {isa = PBXBuildFile; fileRef = B2E3DF8A1CB222560081745A /* JFNewsBottomBar.xib */; };
		B2E3DF961CB222560081745A /* JFNewsCell.swift in Sources */ = {isa = PBXBuildFile; fileRef = B2E3DF8B1CB222560081745A /* JFNewsCell.swift */; };
		B2E3DF971CB222560081745A /* JFTopLabel.swift in Sources */ = {isa = PBXBuildFile; fileRef = B2E3DF8C1CB222560081745A /* JFTopLabel.swift */; };
		B2E3DFC21CB228900081745A /* JFPhotoTableViewController.swift in Sources */ = {isa = PBXBuildFile; fileRef = B2E3DFA81CB228900081745A /* JFPhotoTableViewController.swift */; };
		B2E3DFC31CB228900081745A /* JFPhotoViewController.storyboard in Resources */ = {isa = PBXBuildFile; fileRef = B2E3DFA91CB228900081745A /* JFPhotoViewController.storyboard */; };
		B2E3DFC41CB228900081745A /* JFPhotoViewController.swift in Sources */ = {isa = PBXBuildFile; fileRef = B2E3DFAA1CB228900081745A /* JFPhotoViewController.swift */; };
		B2E3DFC91CB228900081745A /* JFPhotoListCell.swift in Sources */ = {isa = PBXBuildFile; fileRef = B2E3DFB01CB228900081745A /* JFPhotoListCell.swift */; };
		B2E3DFCD1CB228900081745A /* JFVideoTableViewController.swift in Sources */ = {isa = PBXBuildFile; fileRef = B2E3DFB61CB228900081745A /* JFVideoTableViewController.swift */; };
		B2E3DFCE1CB228900081745A /* JFVideoViewController.storyboard in Resources */ = {isa = PBXBuildFile; fileRef = B2E3DFB71CB228900081745A /* JFVideoViewController.storyboard */; };
		B2E3DFCF1CB228900081745A /* JFVideoViewController.swift in Sources */ = {isa = PBXBuildFile; fileRef = B2E3DFB81CB228900081745A /* JFVideoViewController.swift */; };
		B2E3DFD41CB228900081745A /* JFVideoCell.swift in Sources */ = {isa = PBXBuildFile; fileRef = B2E3DFBE1CB228900081745A /* JFVideoCell.swift */; };
		B2F174621CB761C3007AA386 /* JFPhotoDetailModel.swift in Sources */ = {isa = PBXBuildFile; fileRef = B2F174611CB761C3007AA386 /* JFPhotoDetailModel.swift */; };
		B2F174651CB761F8007AA386 /* JFArticleDetailModel.swift in Sources */ = {isa = PBXBuildFile; fileRef = B2F174641CB761F8007AA386 /* JFArticleDetailModel.swift */; };
		B2F174671CB764E0007AA386 /* JFPhotoDetailCell.swift in Sources */ = {isa = PBXBuildFile; fileRef = B2F174661CB764E0007AA386 /* JFPhotoDetailCell.swift */; };
		B2FC6DFC1CDB880100DAC654 /* JFBaseTableViewController.swift in Sources */ = {isa = PBXBuildFile; fileRef = B2FC6DFB1CDB880100DAC654 /* JFBaseTableViewController.swift */; };
		B2FC6DFE1CDB882E00DAC654 /* JFProfileCellModel.swift in Sources */ = {isa = PBXBuildFile; fileRef = B2FC6DFD1CDB882E00DAC654 /* JFProfileCellModel.swift */; };
		B2FC6E001CDB883E00DAC654 /* JFProfileCellGroupModel.swift in Sources */ = {isa = PBXBuildFile; fileRef = B2FC6DFF1CDB883E00DAC654 /* JFProfileCellGroupModel.swift */; };
		B2FC6E021CDB885500DAC654 /* JFProfileCellArrowModel.swift in Sources */ = {isa = PBXBuildFile; fileRef = B2FC6E011CDB885500DAC654 /* JFProfileCellArrowModel.swift */; };
		B2FC6E041CDB889000DAC654 /* JFProfileCellLabelModel.swift in Sources */ = {isa = PBXBuildFile; fileRef = B2FC6E031CDB889000DAC654 /* JFProfileCellLabelModel.swift */; };
		B2FC6E061CDB88AF00DAC654 /* JFProfileCellSwitchModel.swift in Sources */ = {isa = PBXBuildFile; fileRef = B2FC6E051CDB88AF00DAC654 /* JFProfileCellSwitchModel.swift */; };
		B2FC6E081CDB88C900DAC654 /* JFProfileCell.swift in Sources */ = {isa = PBXBuildFile; fileRef = B2FC6E071CDB88C900DAC654 /* JFProfileCell.swift */; };
		B2FE1C331CB9F71F001CCF99 /* CFNetwork.framework in Frameworks */ = {isa = PBXBuildFile; fileRef = B2DD3F9A1CB7BDC20092C717 /* CFNetwork.framework */; };
		B2FE1C341CB9F728001CCF99 /* CoreFoundation.framework in Frameworks */ = {isa = PBXBuildFile; fileRef = B2DD3F9C1CB7BDCF0092C717 /* CoreFoundation.framework */; };
		B2FE1C351CB9F733001CCF99 /* CoreTelephony.framework in Frameworks */ = {isa = PBXBuildFile; fileRef = B2DD3F9E1CB7BDDB0092C717 /* CoreTelephony.framework */; };
		B2FE1C361CB9F73B001CCF99 /* SystemConfiguration.framework in Frameworks */ = {isa = PBXBuildFile; fileRef = B2DD3FA01CB7BDE50092C717 /* SystemConfiguration.framework */; };
		B2FE1C371CB9F746001CCF99 /* Security.framework in Frameworks */ = {isa = PBXBuildFile; fileRef = B2DD3FA41CB7BE050092C717 /* Security.framework */; };
		B2FFCA6E1CE47B5F00ADC54C /* JFCommentCommitView.swift in Sources */ = {isa = PBXBuildFile; fileRef = B2FFCA6D1CE47B5F00ADC54C /* JFCommentCommitView.swift */; };
		B2FFCA701CE47B6A00ADC54C /* JFCommentCommitView.xib in Resources */ = {isa = PBXBuildFile; fileRef = B2FFCA6F1CE47B6A00ADC54C /* JFCommentCommitView.xib */; };
		B2FFCAB11CE48B0600ADC54C /* UMSocialLocalizable.strings in Resources */ = {isa = PBXBuildFile; fileRef = B2FFCA721CE48B0600ADC54C /* UMSocialLocalizable.strings */; };
		B2FFCAB21CE48B0600ADC54C /* libUMSocial_Sdk_5.1.a in Frameworks */ = {isa = PBXBuildFile; fileRef = B2FFCA801CE48B0600ADC54C /* libUMSocial_Sdk_5.1.a */; };
		B2FFCAB31CE48B0600ADC54C /* libUMSocial_Sdk_Comment_5.1.a in Frameworks */ = {isa = PBXBuildFile; fileRef = B2FFCA811CE48B0600ADC54C /* libUMSocial_Sdk_Comment_5.1.a */; };
		B2FFCAB41CE48B0600ADC54C /* UMSCommentDetailController.xib in Resources */ = {isa = PBXBuildFile; fileRef = B2FFCA831CE48B0600ADC54C /* UMSCommentDetailController.xib */; };
		B2FFCAB51CE48B0600ADC54C /* UMSCommentInputController.xib in Resources */ = {isa = PBXBuildFile; fileRef = B2FFCA841CE48B0600ADC54C /* UMSCommentInputController.xib */; };
		B2FFCAB61CE48B0600ADC54C /* UMSCommentInputControlleriPad.xib in Resources */ = {isa = PBXBuildFile; fileRef = B2FFCA851CE48B0600ADC54C /* UMSCommentInputControlleriPad.xib */; };
		B2FFCAB71CE48B0600ADC54C /* UMShareEditViewController.xib in Resources */ = {isa = PBXBuildFile; fileRef = B2FFCA861CE48B0600ADC54C /* UMShareEditViewController.xib */; };
		B2FFCAB81CE48B0600ADC54C /* UMShareEditViewControlleriPad.xib in Resources */ = {isa = PBXBuildFile; fileRef = B2FFCA871CE48B0600ADC54C /* UMShareEditViewControlleriPad.xib */; };
		B2FFCAB91CE48B0600ADC54C /* UMSLoginViewController.xib in Resources */ = {isa = PBXBuildFile; fileRef = B2FFCA881CE48B0600ADC54C /* UMSLoginViewController.xib */; };
		B2FFCABA1CE48B0600ADC54C /* UMSnsAccountViewController.xib in Resources */ = {isa = PBXBuildFile; fileRef = B2FFCA891CE48B0600ADC54C /* UMSnsAccountViewController.xib */; };
		B2FFCABB1CE48B0600ADC54C /* UMSShareListController.xib in Resources */ = {isa = PBXBuildFile; fileRef = B2FFCA8A1CE48B0600ADC54C /* UMSShareListController.xib */; };
		B2FFCABC1CE48B0600ADC54C /* UMSocialSDKResourcesNew.bundle in Resources */ = {isa = PBXBuildFile; fileRef = B2FFCA8B1CE48B0600ADC54C /* UMSocialSDKResourcesNew.bundle */; };
		B2FFCABD1CE48B0600ADC54C /* libSocialSinaSSO.a in Frameworks */ = {isa = PBXBuildFile; fileRef = B2FFCA8F1CE48B0600ADC54C /* libSocialSinaSSO.a */; };
		B2FFCABE1CE48B0600ADC54C /* libWeiboSDK.a in Frameworks */ = {isa = PBXBuildFile; fileRef = B2FFCA901CE48B0600ADC54C /* libWeiboSDK.a */; };
		B2FFCABF1CE48B0600ADC54C /* WeiboSDK.bundle in Resources */ = {isa = PBXBuildFile; fileRef = B2FFCA9A1CE48B0600ADC54C /* WeiboSDK.bundle */; };
		B2FFCAC01CE48B0600ADC54C /* libSocialQQ.a in Frameworks */ = {isa = PBXBuildFile; fileRef = B2FFCA9E1CE48B0600ADC54C /* libSocialQQ.a */; };
		B2FFCAC11CE48B0600ADC54C /* TencentOpenAPI.framework in Frameworks */ = {isa = PBXBuildFile; fileRef = B2FFCA9F1CE48B0600ADC54C /* TencentOpenAPI.framework */; };
		B2FFCAC21CE48B0600ADC54C /* TencentOpenApi_IOS_Bundle.bundle in Resources */ = {isa = PBXBuildFile; fileRef = B2FFCAA01CE48B0600ADC54C /* TencentOpenApi_IOS_Bundle.bundle */; };
		B2FFCAC31CE48B0600ADC54C /* ios-social-sdk-shake.html in Resources */ = {isa = PBXBuildFile; fileRef = B2FFCAA31CE48B0600ADC54C /* ios-social-sdk-shake.html */; };
		B2FFCAC41CE48B0600ADC54C /* libUMSocial_Sdk_ScreenShot_1.0.a in Frameworks */ = {isa = PBXBuildFile; fileRef = B2FFCAA41CE48B0600ADC54C /* libUMSocial_Sdk_ScreenShot_1.0.a */; };
		B2FFCAC51CE48B0600ADC54C /* ios-social-sdk-shake.html in Resources */ = {isa = PBXBuildFile; fileRef = B2FFCAA71CE48B0600ADC54C /* ios-social-sdk-shake.html */; };
		B2FFCAC61CE48B0600ADC54C /* libUMSocial_Sdk_Shake_1.0.a in Frameworks */ = {isa = PBXBuildFile; fileRef = B2FFCAA81CE48B0600ADC54C /* libUMSocial_Sdk_Shake_1.0.a */; };
		B2FFCAC71CE48B0600ADC54C /* libSocialWechat.a in Frameworks */ = {isa = PBXBuildFile; fileRef = B2FFCAAB1CE48B0600ADC54C /* libSocialWechat.a */; };
		B2FFCAC81CE48B0600ADC54C /* libWeChatSDK.a in Frameworks */ = {isa = PBXBuildFile; fileRef = B2FFCAAC1CE48B0600ADC54C /* libWeChatSDK.a */; };
		B2FFCACA1CE48CBF00ADC54C /* libsqlite3.tbd in Frameworks */ = {isa = PBXBuildFile; fileRef = B2FFCAC91CE48CBF00ADC54C /* libsqlite3.tbd */; };
		B2FFCACC1CE48CDA00ADC54C /* libiconv.tbd in Frameworks */ = {isa = PBXBuildFile; fileRef = B2FFCACB1CE48CDA00ADC54C /* libiconv.tbd */; };
		B2FFCACE1CE48D0000ADC54C /* libstdc++.tbd in Frameworks */ = {isa = PBXBuildFile; fileRef = B2FFCACD1CE48D0000ADC54C /* libstdc++.tbd */; };
		B2FFCACF1CE48DA800ADC54C /* CoreGraphics.framework in Frameworks */ = {isa = PBXBuildFile; fileRef = B2FD9A011CB95F6C0005B8AF /* CoreGraphics.framework */; };
		B2FFCAD11CE48ED600ADC54C /* ImageIO.framework in Frameworks */ = {isa = PBXBuildFile; fileRef = B2FFCAD01CE48ED600ADC54C /* ImageIO.framework */; };
		FBF0963E1C3A65E900046824 /* Assets.xcassets in Resources */ = {isa = PBXBuildFile; fileRef = FBF0963C1C3A65E900046824 /* Assets.xcassets */; };
		FBF0963F1C3A65E900046824 /* Info.plist in Resources */ = {isa = PBXBuildFile; fileRef = FBF0963D1C3A65E900046824 /* Info.plist */; };
/* End PBXBuildFile section */

/* Begin PBXContainerItemProxy section */
		A50FF20A1C26914500D2F040 /* PBXContainerItemProxy */ = {
			isa = PBXContainerItemProxy;
			containerPortal = A50FF1EA1C26914500D2F040 /* Project object */;
			proxyType = 1;
			remoteGlobalIDString = A50FF1F11C26914500D2F040;
			remoteInfo = BaoKanIOS;
		};
		A50FF2151C26914500D2F040 /* PBXContainerItemProxy */ = {
			isa = PBXContainerItemProxy;
			containerPortal = A50FF1EA1C26914500D2F040 /* Project object */;
			proxyType = 1;
			remoteGlobalIDString = A50FF1F11C26914500D2F040;
			remoteInfo = BaoKanIOS;
		};
/* End PBXContainerItemProxy section */

/* Begin PBXCopyFilesBuildPhase section */
		A56BF6FA1C3644A2001E9F5A /* CopyFiles */ = {
			isa = PBXCopyFilesBuildPhase;
			buildActionMask = 2147483647;
			dstPath = "";
			dstSubfolderSpec = 10;
			files = (
			);
			runOnlyForDeploymentPostprocessing = 0;
		};
/* End PBXCopyFilesBuildPhase section */

/* Begin PBXFileReference section */
		01DC12B5E10B2F7F1E1B571D /* Pods-BaoKanIOS.release.xcconfig */ = {isa = PBXFileReference; includeInIndex = 1; lastKnownFileType = text.xcconfig; name = "Pods-BaoKanIOS.release.xcconfig"; path = "Pods/Target Support Files/Pods-BaoKanIOS/Pods-BaoKanIOS.release.xcconfig"; sourceTree = "<group>"; };
		78AE24D9060DB0DB52A08859 /* Pods_BaoKanIOS.framework */ = {isa = PBXFileReference; explicitFileType = wrapper.framework; includeInIndex = 0; path = Pods_BaoKanIOS.framework; sourceTree = BUILT_PRODUCTS_DIR; };
		A50FF1F21C26914500D2F040 /* BaoKanIOS.app */ = {isa = PBXFileReference; explicitFileType = wrapper.application; includeInIndex = 0; path = BaoKanIOS.app; sourceTree = BUILT_PRODUCTS_DIR; };
		A50FF2021C26914500D2F040 /* Base */ = {isa = PBXFileReference; lastKnownFileType = file.storyboard; name = Base; path = Base.lproj/LaunchScreen.storyboard; sourceTree = "<group>"; };
		A50FF2091C26914500D2F040 /* BaoKanIOSTests.xctest */ = {isa = PBXFileReference; explicitFileType = wrapper.cfbundle; includeInIndex = 0; path = BaoKanIOSTests.xctest; sourceTree = BUILT_PRODUCTS_DIR; };
		A50FF20D1C26914500D2F040 /* BaoKanIOSTests.swift */ = {isa = PBXFileReference; lastKnownFileType = sourcecode.swift; path = BaoKanIOSTests.swift; sourceTree = "<group>"; };
		A50FF20F1C26914500D2F040 /* Info.plist */ = {isa = PBXFileReference; lastKnownFileType = text.plist.xml; path = Info.plist; sourceTree = "<group>"; };
		A50FF2141C26914500D2F040 /* BaoKanIOSUITests.xctest */ = {isa = PBXFileReference; explicitFileType = wrapper.cfbundle; includeInIndex = 0; path = BaoKanIOSUITests.xctest; sourceTree = BUILT_PRODUCTS_DIR; };
		A50FF2181C26914500D2F040 /* BaoKanIOSUITests.swift */ = {isa = PBXFileReference; lastKnownFileType = sourcecode.swift; path = BaoKanIOSUITests.swift; sourceTree = "<group>"; };
		A50FF21A1C26914500D2F040 /* Info.plist */ = {isa = PBXFileReference; lastKnownFileType = text.plist.xml; path = Info.plist; sourceTree = "<group>"; };
		A5309C261C47719900455EB8 /* JFArticleListModel.swift */ = {isa = PBXFileReference; fileEncoding = 4; lastKnownFileType = sourcecode.swift; path = JFArticleListModel.swift; sourceTree = "<group>"; };
		A55CD9011C76E47E0087CA0A /* api.swift */ = {isa = PBXFileReference; fileEncoding = 4; lastKnownFileType = sourcecode.swift; path = api.swift; sourceTree = "<group>"; };
		A55CD9051C76EDF80087CA0A /* Color+Extension.swift */ = {isa = PBXFileReference; fileEncoding = 4; lastKnownFileType = sourcecode.swift; path = "Color+Extension.swift"; sourceTree = "<group>"; };
		A56BF6FE1C365919001E9F5A /* JFCommon.swift */ = {isa = PBXFileReference; fileEncoding = 4; lastKnownFileType = sourcecode.swift; path = JFCommon.swift; sourceTree = "<group>"; };
		A56ED56D1C7AB02F009B862D /* UIView+Extension.swift */ = {isa = PBXFileReference; fileEncoding = 4; lastKnownFileType = sourcecode.swift; path = "UIView+Extension.swift"; sourceTree = "<group>"; };
		A56ED56F1C7AB5CA009B862D /* style.css */ = {isa = PBXFileReference; fileEncoding = 4; lastKnownFileType = text.css; path = style.css; sourceTree = "<group>"; };
		A56ED5711C7ABAB0009B862D /* String+Extension.swift */ = {isa = PBXFileReference; fileEncoding = 4; lastKnownFileType = sourcecode.swift; path = "String+Extension.swift"; sourceTree = "<group>"; };
		A5B279921C36392F003C773D /* AppDelegate.swift */ = {isa = PBXFileReference; fileEncoding = 4; lastKnownFileType = sourcecode.swift; path = AppDelegate.swift; sourceTree = "<group>"; };
		A5B2799E1C36392F003C773D /* JFNavigationController.swift */ = {isa = PBXFileReference; fileEncoding = 4; lastKnownFileType = sourcecode.swift; path = JFNavigationController.swift; sourceTree = "<group>"; };
		A5B2799F1C36392F003C773D /* JFTabBarController.swift */ = {isa = PBXFileReference; fileEncoding = 4; lastKnownFileType = sourcecode.swift; path = JFTabBarController.swift; sourceTree = "<group>"; };
		A5B279AA1C36392F003C773D /* JFProfileViewController.storyboard */ = {isa = PBXFileReference; fileEncoding = 4; lastKnownFileType = file.storyboard; path = JFProfileViewController.storyboard; sourceTree = "<group>"; };
		A5B279AB1C36392F003C773D /* JFProfileViewController.swift */ = {isa = PBXFileReference; fileEncoding = 4; lastKnownFileType = sourcecode.swift; path = JFProfileViewController.swift; sourceTree = "<group>"; };
		A5B279B01C36392F003C773D /* JFReadViewController.storyboard */ = {isa = PBXFileReference; fileEncoding = 4; lastKnownFileType = file.storyboard; path = JFReadViewController.storyboard; sourceTree = "<group>"; };
		A5B279B11C36392F003C773D /* JFReadViewController.swift */ = {isa = PBXFileReference; fileEncoding = 4; lastKnownFileType = sourcecode.swift; path = JFReadViewController.swift; sourceTree = "<group>"; };
		A5B279BB1C36392F003C773D /* JFNetworkTool.swift */ = {isa = PBXFileReference; fileEncoding = 4; lastKnownFileType = sourcecode.swift; path = JFNetworkTool.swift; sourceTree = "<group>"; };
		A5B279BC1C36392F003C773D /* JFProgressHUD.swift */ = {isa = PBXFileReference; fileEncoding = 4; lastKnownFileType = sourcecode.swift; path = JFProgressHUD.swift; sourceTree = "<group>"; };
		A5B279C11C36392F003C773D /* BaoKanIOS.xcdatamodel */ = {isa = PBXFileReference; lastKnownFileType = wrapper.xcdatamodel; path = BaoKanIOS.xcdatamodel; sourceTree = "<group>"; };
		B2003BCC1CB64531006D1C08 /* JFPhotoDetailViewController.swift */ = {isa = PBXFileReference; fileEncoding = 4; lastKnownFileType = sourcecode.swift; path = JFPhotoDetailViewController.swift; sourceTree = "<group>"; };
		B204229A1CED4FEF009227C8 /* JFPhotoBottomBar.swift */ = {isa = PBXFileReference; fileEncoding = 4; lastKnownFileType = sourcecode.swift; path = JFPhotoBottomBar.swift; sourceTree = "<group>"; };
		B204229C1CED4FFD009227C8 /* JFPhotoBottomBar.xib */ = {isa = PBXFileReference; fileEncoding = 4; lastKnownFileType = file.xib; path = JFPhotoBottomBar.xib; sourceTree = "<group>"; };
		B220AAED1CE1C424007FBBD2 /* UIImage+Extension.swift */ = {isa = PBXFileReference; fileEncoding = 4; lastKnownFileType = sourcecode.swift; path = "UIImage+Extension.swift"; sourceTree = "<group>"; };
		B24952821CEC47EC006229C2 /* JFCommentTableViewController.swift */ = {isa = PBXFileReference; fileEncoding = 4; lastKnownFileType = sourcecode.swift; path = JFCommentTableViewController.swift; sourceTree = "<group>"; };
		B24952841CEC4A41006229C2 /* JFCommentModel.swift */ = {isa = PBXFileReference; fileEncoding = 4; lastKnownFileType = sourcecode.swift; path = JFCommentModel.swift; sourceTree = "<group>"; };
		B28716BD1CEC540800E1E3E5 /* JFCommentCell.swift */ = {isa = PBXFileReference; fileEncoding = 4; lastKnownFileType = sourcecode.swift; path = JFCommentCell.swift; sourceTree = "<group>"; };
		B28716BE1CEC540800E1E3E5 /* JFCommentCell.xib */ = {isa = PBXFileReference; fileEncoding = 4; lastKnownFileType = file.xib; path = JFCommentCell.xib; sourceTree = "<group>"; };
		B2BD226C1CE581B3009E0877 /* JFEditProfileViewController.swift */ = {isa = PBXFileReference; fileEncoding = 4; lastKnownFileType = sourcecode.swift; path = JFEditProfileViewController.swift; sourceTree = "<group>"; };
		B2BD226E1CE5823A009E0877 /* JFProfileFeedbackViewController.swift */ = {isa = PBXFileReference; fileEncoding = 4; lastKnownFileType = sourcecode.swift; path = JFProfileFeedbackViewController.swift; sourceTree = "<group>"; };
		B2BD22701CE5829A009E0877 /* JFDutyViewController.swift */ = {isa = PBXFileReference; fileEncoding = 4; lastKnownFileType = sourcecode.swift; path = JFDutyViewController.swift; sourceTree = "<group>"; };
		B2BD22721CE584DF009E0877 /* JFProgressView.swift */ = {isa = PBXFileReference; fileEncoding = 4; lastKnownFileType = sourcecode.swift; path = JFProgressView.swift; sourceTree = "<group>"; };
		B2BD22771CE5DD5C009E0877 /* JFCollectionTableViewController.swift */ = {isa = PBXFileReference; fileEncoding = 4; lastKnownFileType = sourcecode.swift; path = JFCollectionTableViewController.swift; sourceTree = "<group>"; };
		B2BD227D1CE5DDE0009E0877 /* JFLoginViewController.swift */ = {isa = PBXFileReference; fileEncoding = 4; lastKnownFileType = sourcecode.swift; path = JFLoginViewController.swift; sourceTree = "<group>"; };
		B2BD227E1CE5DDE0009E0877 /* JFLoginViewController.xib */ = {isa = PBXFileReference; fileEncoding = 4; lastKnownFileType = file.xib; path = JFLoginViewController.xib; sourceTree = "<group>"; };
		B2BD22811CE5DDF3009E0877 /* JFRegisterViewController.swift */ = {isa = PBXFileReference; fileEncoding = 4; lastKnownFileType = sourcecode.swift; path = JFRegisterViewController.swift; sourceTree = "<group>"; };
		B2BD22821CE5DDF3009E0877 /* JFRegisterViewController.xib */ = {isa = PBXFileReference; fileEncoding = 4; lastKnownFileType = file.xib; path = JFRegisterViewController.xib; sourceTree = "<group>"; };
		B2CBAA691CEAEAD6007DA5B7 /* JFAccountModel.swift */ = {isa = PBXFileReference; fileEncoding = 4; lastKnownFileType = sourcecode.swift; path = JFAccountModel.swift; sourceTree = "<group>"; };
		B2CBAA6B1CEB0645007DA5B7 /* JFLoginButton.swift */ = {isa = PBXFileReference; fileEncoding = 4; lastKnownFileType = sourcecode.swift; name = JFLoginButton.swift; path = BaoKanIOS/Classes/Model/JFLoginButton.swift; sourceTree = SOURCE_ROOT; };
		B2DD3F961CB7BD4C0092C717 /* BaoKanIOS-Bridging-Header.h */ = {isa = PBXFileReference; lastKnownFileType = sourcecode.c.h; path = "BaoKanIOS-Bridging-Header.h"; sourceTree = "<group>"; };
		B2DD3F9A1CB7BDC20092C717 /* CFNetwork.framework */ = {isa = PBXFileReference; lastKnownFileType = wrapper.framework; name = CFNetwork.framework; path = System/Library/Frameworks/CFNetwork.framework; sourceTree = SDKROOT; };
		B2DD3F9C1CB7BDCF0092C717 /* CoreFoundation.framework */ = {isa = PBXFileReference; lastKnownFileType = wrapper.framework; name = CoreFoundation.framework; path = System/Library/Frameworks/CoreFoundation.framework; sourceTree = SDKROOT; };
		B2DD3F9E1CB7BDDB0092C717 /* CoreTelephony.framework */ = {isa = PBXFileReference; lastKnownFileType = wrapper.framework; name = CoreTelephony.framework; path = System/Library/Frameworks/CoreTelephony.framework; sourceTree = SDKROOT; };
		B2DD3FA01CB7BDE50092C717 /* SystemConfiguration.framework */ = {isa = PBXFileReference; lastKnownFileType = wrapper.framework; name = SystemConfiguration.framework; path = System/Library/Frameworks/SystemConfiguration.framework; sourceTree = SDKROOT; };
		B2DD3FA21CB7BDF60092C717 /* libz.tbd */ = {isa = PBXFileReference; lastKnownFileType = "sourcecode.text-based-dylib-definition"; name = libz.tbd; path = usr/lib/libz.tbd; sourceTree = SDKROOT; };
		B2DD3FA41CB7BE050092C717 /* Security.framework */ = {isa = PBXFileReference; lastKnownFileType = wrapper.framework; name = Security.framework; path = System/Library/Frameworks/Security.framework; sourceTree = SDKROOT; };
		B2E3DF821CB222560081745A /* JFNewsDetailViewController.swift */ = {isa = PBXFileReference; fileEncoding = 4; lastKnownFileType = sourcecode.swift; path = JFNewsDetailViewController.swift; sourceTree = "<group>"; };
		B2E3DF831CB222560081745A /* JFNewsTableViewController.swift */ = {isa = PBXFileReference; fileEncoding = 4; lastKnownFileType = sourcecode.swift; path = JFNewsTableViewController.swift; sourceTree = "<group>"; };
		B2E3DF841CB222560081745A /* JFNewsViewController.storyboard */ = {isa = PBXFileReference; fileEncoding = 4; lastKnownFileType = file.storyboard; path = JFNewsViewController.storyboard; sourceTree = "<group>"; };
		B2E3DF851CB222560081745A /* JFNewsViewController.swift */ = {isa = PBXFileReference; fileEncoding = 4; lastKnownFileType = sourcecode.swift; path = JFNewsViewController.swift; sourceTree = "<group>"; };
		B2E3DF871CB222560081745A /* JFDetailADCell.swift */ = {isa = PBXFileReference; fileEncoding = 4; lastKnownFileType = sourcecode.swift; path = JFDetailADCell.swift; sourceTree = "<group>"; };
		B2E3DF881CB222560081745A /* JFDetailOtherCell.swift */ = {isa = PBXFileReference; fileEncoding = 4; lastKnownFileType = sourcecode.swift; path = JFDetailOtherCell.swift; sourceTree = "<group>"; };
		B2E3DF891CB222560081745A /* JFNewsBottomBar.swift */ = {isa = PBXFileReference; fileEncoding = 4; lastKnownFileType = sourcecode.swift; path = JFNewsBottomBar.swift; sourceTree = "<group>"; };
		B2E3DF8A1CB222560081745A /* JFNewsBottomBar.xib */ = {isa = PBXFileReference; fileEncoding = 4; lastKnownFileType = file.xib; path = JFNewsBottomBar.xib; sourceTree = "<group>"; };
		B2E3DF8B1CB222560081745A /* JFNewsCell.swift */ = {isa = PBXFileReference; fileEncoding = 4; lastKnownFileType = sourcecode.swift; path = JFNewsCell.swift; sourceTree = "<group>"; };
		B2E3DF8C1CB222560081745A /* JFTopLabel.swift */ = {isa = PBXFileReference; fileEncoding = 4; lastKnownFileType = sourcecode.swift; path = JFTopLabel.swift; sourceTree = "<group>"; };
		B2E3DFA81CB228900081745A /* JFPhotoTableViewController.swift */ = {isa = PBXFileReference; fileEncoding = 4; lastKnownFileType = sourcecode.swift; path = JFPhotoTableViewController.swift; sourceTree = "<group>"; };
		B2E3DFA91CB228900081745A /* JFPhotoViewController.storyboard */ = {isa = PBXFileReference; fileEncoding = 4; lastKnownFileType = file.storyboard; path = JFPhotoViewController.storyboard; sourceTree = "<group>"; };
		B2E3DFAA1CB228900081745A /* JFPhotoViewController.swift */ = {isa = PBXFileReference; fileEncoding = 4; lastKnownFileType = sourcecode.swift; path = JFPhotoViewController.swift; sourceTree = "<group>"; };
		B2E3DFB01CB228900081745A /* JFPhotoListCell.swift */ = {isa = PBXFileReference; fileEncoding = 4; lastKnownFileType = sourcecode.swift; path = JFPhotoListCell.swift; sourceTree = "<group>"; };
		B2E3DFB61CB228900081745A /* JFVideoTableViewController.swift */ = {isa = PBXFileReference; fileEncoding = 4; lastKnownFileType = sourcecode.swift; path = JFVideoTableViewController.swift; sourceTree = "<group>"; };
		B2E3DFB71CB228900081745A /* JFVideoViewController.storyboard */ = {isa = PBXFileReference; fileEncoding = 4; lastKnownFileType = file.storyboard; path = JFVideoViewController.storyboard; sourceTree = "<group>"; };
		B2E3DFB81CB228900081745A /* JFVideoViewController.swift */ = {isa = PBXFileReference; fileEncoding = 4; lastKnownFileType = sourcecode.swift; path = JFVideoViewController.swift; sourceTree = "<group>"; };
		B2E3DFBE1CB228900081745A /* JFVideoCell.swift */ = {isa = PBXFileReference; fileEncoding = 4; lastKnownFileType = sourcecode.swift; path = JFVideoCell.swift; sourceTree = "<group>"; };
		B2F174611CB761C3007AA386 /* JFPhotoDetailModel.swift */ = {isa = PBXFileReference; fileEncoding = 4; lastKnownFileType = sourcecode.swift; path = JFPhotoDetailModel.swift; sourceTree = "<group>"; };
		B2F174641CB761F8007AA386 /* JFArticleDetailModel.swift */ = {isa = PBXFileReference; fileEncoding = 4; lastKnownFileType = sourcecode.swift; path = JFArticleDetailModel.swift; sourceTree = "<group>"; };
		B2F174661CB764E0007AA386 /* JFPhotoDetailCell.swift */ = {isa = PBXFileReference; fileEncoding = 4; lastKnownFileType = sourcecode.swift; path = JFPhotoDetailCell.swift; sourceTree = "<group>"; };
		B2FC6DFB1CDB880100DAC654 /* JFBaseTableViewController.swift */ = {isa = PBXFileReference; fileEncoding = 4; lastKnownFileType = sourcecode.swift; path = JFBaseTableViewController.swift; sourceTree = "<group>"; };
		B2FC6DFD1CDB882E00DAC654 /* JFProfileCellModel.swift */ = {isa = PBXFileReference; fileEncoding = 4; lastKnownFileType = sourcecode.swift; name = JFProfileCellModel.swift; path = BaoKanIOS/Classes/Module/Profile/Controller/JFProfileCellModel.swift; sourceTree = SOURCE_ROOT; };
		B2FC6DFF1CDB883E00DAC654 /* JFProfileCellGroupModel.swift */ = {isa = PBXFileReference; fileEncoding = 4; lastKnownFileType = sourcecode.swift; name = JFProfileCellGroupModel.swift; path = BaoKanIOS/Classes/Module/Profile/Controller/JFProfileCellGroupModel.swift; sourceTree = SOURCE_ROOT; };
		B2FC6E011CDB885500DAC654 /* JFProfileCellArrowModel.swift */ = {isa = PBXFileReference; fileEncoding = 4; lastKnownFileType = sourcecode.swift; name = JFProfileCellArrowModel.swift; path = BaoKanIOS/Classes/Module/Profile/Controller/JFProfileCellArrowModel.swift; sourceTree = SOURCE_ROOT; };
		B2FC6E031CDB889000DAC654 /* JFProfileCellLabelModel.swift */ = {isa = PBXFileReference; fileEncoding = 4; lastKnownFileType = sourcecode.swift; name = JFProfileCellLabelModel.swift; path = BaoKanIOS/Classes/Module/Profile/Controller/JFProfileCellLabelModel.swift; sourceTree = SOURCE_ROOT; };
		B2FC6E051CDB88AF00DAC654 /* JFProfileCellSwitchModel.swift */ = {isa = PBXFileReference; fileEncoding = 4; lastKnownFileType = sourcecode.swift; name = JFProfileCellSwitchModel.swift; path = BaoKanIOS/Classes/Module/Profile/Controller/JFProfileCellSwitchModel.swift; sourceTree = SOURCE_ROOT; };
		B2FC6E071CDB88C900DAC654 /* JFProfileCell.swift */ = {isa = PBXFileReference; fileEncoding = 4; lastKnownFileType = sourcecode.swift; name = JFProfileCell.swift; path = BaoKanIOS/Classes/Module/Profile/Controller/JFProfileCell.swift; sourceTree = SOURCE_ROOT; };
		B2FD9A011CB95F6C0005B8AF /* CoreGraphics.framework */ = {isa = PBXFileReference; lastKnownFileType = wrapper.framework; name = CoreGraphics.framework; path = System/Library/Frameworks/CoreGraphics.framework; sourceTree = SDKROOT; };
		B2FD9A031CB95F760005B8AF /* Foundation.framework */ = {isa = PBXFileReference; lastKnownFileType = wrapper.framework; name = Foundation.framework; path = System/Library/Frameworks/Foundation.framework; sourceTree = SDKROOT; };
		B2FD9A051CB95F7F0005B8AF /* UIKit.framework */ = {isa = PBXFileReference; lastKnownFileType = wrapper.framework; name = UIKit.framework; path = System/Library/Frameworks/UIKit.framework; sourceTree = SDKROOT; };
		B2FD9A081CB95F900005B8AF /* AdSupport.framework */ = {isa = PBXFileReference; lastKnownFileType = wrapper.framework; name = AdSupport.framework; path = System/Library/Frameworks/AdSupport.framework; sourceTree = SDKROOT; };
		B2FE1C301CB9F696001CCF99 /* JPUSHService.h */ = {isa = PBXFileReference; fileEncoding = 4; lastKnownFileType = sourcecode.c.h; path = JPUSHService.h; sourceTree = "<group>"; };
		B2FE1C311CB9F696001CCF99 /* jpush-ios-2.1.5.a */ = {isa = PBXFileReference; lastKnownFileType = archive.ar; path = "jpush-ios-2.1.5.a"; sourceTree = "<group>"; };
		B2FFCA6D1CE47B5F00ADC54C /* JFCommentCommitView.swift */ = {isa = PBXFileReference; fileEncoding = 4; lastKnownFileType = sourcecode.swift; path = JFCommentCommitView.swift; sourceTree = "<group>"; };
		B2FFCA6F1CE47B6A00ADC54C /* JFCommentCommitView.xib */ = {isa = PBXFileReference; fileEncoding = 4; lastKnownFileType = file.xib; path = JFCommentCommitView.xib; sourceTree = "<group>"; };
		B2FFCA731CE48B0600ADC54C /* en */ = {isa = PBXFileReference; lastKnownFileType = text.plist.strings; name = en; path = en.lproj/UMSocialLocalizable.strings; sourceTree = "<group>"; };
		B2FFCA751CE48B0600ADC54C /* UMSocial.h */ = {isa = PBXFileReference; fileEncoding = 4; lastKnownFileType = sourcecode.c.h; path = UMSocial.h; sourceTree = "<group>"; };
		B2FFCA761CE48B0600ADC54C /* UMSocialAccountManager.h */ = {isa = PBXFileReference; fileEncoding = 4; lastKnownFileType = sourcecode.c.h; path = UMSocialAccountManager.h; sourceTree = "<group>"; };
		B2FFCA771CE48B0600ADC54C /* UMSocialBar.h */ = {isa = PBXFileReference; fileEncoding = 4; lastKnownFileType = sourcecode.c.h; path = UMSocialBar.h; sourceTree = "<group>"; };
		B2FFCA781CE48B0600ADC54C /* UMSocialConfig.h */ = {isa = PBXFileReference; fileEncoding = 4; lastKnownFileType = sourcecode.c.h; path = UMSocialConfig.h; sourceTree = "<group>"; };
		B2FFCA791CE48B0600ADC54C /* UMSocialControllerService.h */ = {isa = PBXFileReference; fileEncoding = 4; lastKnownFileType = sourcecode.c.h; path = UMSocialControllerService.h; sourceTree = "<group>"; };
		B2FFCA7A1CE48B0600ADC54C /* UMSocialControllerServiceComment.h */ = {isa = PBXFileReference; fileEncoding = 4; lastKnownFileType = sourcecode.c.h; path = UMSocialControllerServiceComment.h; sourceTree = "<group>"; };
		B2FFCA7B1CE48B0600ADC54C /* UMSocialData.h */ = {isa = PBXFileReference; fileEncoding = 4; lastKnownFileType = sourcecode.c.h; path = UMSocialData.h; sourceTree = "<group>"; };
		B2FFCA7C1CE48B0600ADC54C /* UMSocialDataService.h */ = {isa = PBXFileReference; fileEncoding = 4; lastKnownFileType = sourcecode.c.h; path = UMSocialDataService.h; sourceTree = "<group>"; };
		B2FFCA7D1CE48B0600ADC54C /* UMSocialSnsData.h */ = {isa = PBXFileReference; fileEncoding = 4; lastKnownFileType = sourcecode.c.h; path = UMSocialSnsData.h; sourceTree = "<group>"; };
		B2FFCA7E1CE48B0600ADC54C /* UMSocialSnsPlatformManager.h */ = {isa = PBXFileReference; fileEncoding = 4; lastKnownFileType = sourcecode.c.h; path = UMSocialSnsPlatformManager.h; sourceTree = "<group>"; };
		B2FFCA7F1CE48B0600ADC54C /* UMSocialSnsService.h */ = {isa = PBXFileReference; fileEncoding = 4; lastKnownFileType = sourcecode.c.h; path = UMSocialSnsService.h; sourceTree = "<group>"; };
		B2FFCA801CE48B0600ADC54C /* libUMSocial_Sdk_5.1.a */ = {isa = PBXFileReference; lastKnownFileType = archive.ar; path = libUMSocial_Sdk_5.1.a; sourceTree = "<group>"; };
		B2FFCA811CE48B0600ADC54C /* libUMSocial_Sdk_Comment_5.1.a */ = {isa = PBXFileReference; lastKnownFileType = archive.ar; path = libUMSocial_Sdk_Comment_5.1.a; sourceTree = "<group>"; };
		B2FFCA831CE48B0600ADC54C /* UMSCommentDetailController.xib */ = {isa = PBXFileReference; fileEncoding = 4; lastKnownFileType = file.xib; path = UMSCommentDetailController.xib; sourceTree = "<group>"; };
		B2FFCA841CE48B0600ADC54C /* UMSCommentInputController.xib */ = {isa = PBXFileReference; fileEncoding = 4; lastKnownFileType = file.xib; path = UMSCommentInputController.xib; sourceTree = "<group>"; };
		B2FFCA851CE48B0600ADC54C /* UMSCommentInputControlleriPad.xib */ = {isa = PBXFileReference; fileEncoding = 4; lastKnownFileType = file.xib; path = UMSCommentInputControlleriPad.xib; sourceTree = "<group>"; };
		B2FFCA861CE48B0600ADC54C /* UMShareEditViewController.xib */ = {isa = PBXFileReference; fileEncoding = 4; lastKnownFileType = file.xib; path = UMShareEditViewController.xib; sourceTree = "<group>"; };
		B2FFCA871CE48B0600ADC54C /* UMShareEditViewControlleriPad.xib */ = {isa = PBXFileReference; fileEncoding = 4; lastKnownFileType = file.xib; path = UMShareEditViewControlleriPad.xib; sourceTree = "<group>"; };
		B2FFCA881CE48B0600ADC54C /* UMSLoginViewController.xib */ = {isa = PBXFileReference; fileEncoding = 4; lastKnownFileType = file.xib; path = UMSLoginViewController.xib; sourceTree = "<group>"; };
		B2FFCA891CE48B0600ADC54C /* UMSnsAccountViewController.xib */ = {isa = PBXFileReference; fileEncoding = 4; lastKnownFileType = file.xib; path = UMSnsAccountViewController.xib; sourceTree = "<group>"; };
		B2FFCA8A1CE48B0600ADC54C /* UMSShareListController.xib */ = {isa = PBXFileReference; fileEncoding = 4; lastKnownFileType = file.xib; path = UMSShareListController.xib; sourceTree = "<group>"; };
		B2FFCA8B1CE48B0600ADC54C /* UMSocialSDKResourcesNew.bundle */ = {isa = PBXFileReference; lastKnownFileType = "wrapper.plug-in"; path = UMSocialSDKResourcesNew.bundle; sourceTree = "<group>"; };
		B2FFCA8C1CE48B0600ADC54C /* zh-Hans */ = {isa = PBXFileReference; lastKnownFileType = text.plist.strings; name = "zh-Hans"; path = "zh-Hans.lproj/UMSocialLocalizable.strings"; sourceTree = "<group>"; };
		B2FFCA8F1CE48B0600ADC54C /* libSocialSinaSSO.a */ = {isa = PBXFileReference; lastKnownFileType = archive.ar; path = libSocialSinaSSO.a; sourceTree = "<group>"; };
		B2FFCA901CE48B0600ADC54C /* libWeiboSDK.a */ = {isa = PBXFileReference; lastKnownFileType = archive.ar; path = libWeiboSDK.a; sourceTree = "<group>"; };
		B2FFCA911CE48B0600ADC54C /* UMSocialSinaSSOHandler.h */ = {isa = PBXFileReference; fileEncoding = 4; lastKnownFileType = sourcecode.c.h; path = UMSocialSinaSSOHandler.h; sourceTree = "<group>"; };
		B2FFCA921CE48B0600ADC54C /* WBHttpRequest+WeiboGame.h */ = {isa = PBXFileReference; fileEncoding = 4; lastKnownFileType = sourcecode.c.h; path = "WBHttpRequest+WeiboGame.h"; sourceTree = "<group>"; };
		B2FFCA931CE48B0600ADC54C /* WBHttpRequest+WeiboShare.h */ = {isa = PBXFileReference; fileEncoding = 4; lastKnownFileType = sourcecode.c.h; path = "WBHttpRequest+WeiboShare.h"; sourceTree = "<group>"; };
		B2FFCA941CE48B0600ADC54C /* WBHttpRequest+WeiboToken.h */ = {isa = PBXFileReference; fileEncoding = 4; lastKnownFileType = sourcecode.c.h; path = "WBHttpRequest+WeiboToken.h"; sourceTree = "<group>"; };
		B2FFCA951CE48B0600ADC54C /* WBHttpRequest+WeiboUser.h */ = {isa = PBXFileReference; fileEncoding = 4; lastKnownFileType = sourcecode.c.h; path = "WBHttpRequest+WeiboUser.h"; sourceTree = "<group>"; };
		B2FFCA961CE48B0600ADC54C /* WBHttpRequest.h */ = {isa = PBXFileReference; fileEncoding = 4; lastKnownFileType = sourcecode.c.h; path = WBHttpRequest.h; sourceTree = "<group>"; };
		B2FFCA971CE48B0600ADC54C /* WBSDKBasicButton.h */ = {isa = PBXFileReference; fileEncoding = 4; lastKnownFileType = sourcecode.c.h; path = WBSDKBasicButton.h; sourceTree = "<group>"; };
		B2FFCA981CE48B0600ADC54C /* WBSDKCommentButton.h */ = {isa = PBXFileReference; fileEncoding = 4; lastKnownFileType = sourcecode.c.h; path = WBSDKCommentButton.h; sourceTree = "<group>"; };
		B2FFCA991CE48B0600ADC54C /* WBSDKRelationshipButton.h */ = {isa = PBXFileReference; fileEncoding = 4; lastKnownFileType = sourcecode.c.h; path = WBSDKRelationshipButton.h; sourceTree = "<group>"; };
		B2FFCA9A1CE48B0600ADC54C /* WeiboSDK.bundle */ = {isa = PBXFileReference; lastKnownFileType = "wrapper.plug-in"; path = WeiboSDK.bundle; sourceTree = "<group>"; };
		B2FFCA9B1CE48B0600ADC54C /* WeiboSDK.h */ = {isa = PBXFileReference; fileEncoding = 4; lastKnownFileType = sourcecode.c.h; path = WeiboSDK.h; sourceTree = "<group>"; };
		B2FFCA9C1CE48B0600ADC54C /* WeiboUser.h */ = {isa = PBXFileReference; fileEncoding = 4; lastKnownFileType = sourcecode.c.h; path = WeiboUser.h; sourceTree = "<group>"; };
		B2FFCA9E1CE48B0600ADC54C /* libSocialQQ.a */ = {isa = PBXFileReference; lastKnownFileType = archive.ar; path = libSocialQQ.a; sourceTree = "<group>"; };
		B2FFCA9F1CE48B0600ADC54C /* TencentOpenAPI.framework */ = {isa = PBXFileReference; lastKnownFileType = wrapper.framework; path = TencentOpenAPI.framework; sourceTree = "<group>"; };
		B2FFCAA01CE48B0600ADC54C /* TencentOpenApi_IOS_Bundle.bundle */ = {isa = PBXFileReference; lastKnownFileType = "wrapper.plug-in"; path = TencentOpenApi_IOS_Bundle.bundle; sourceTree = "<group>"; };
		B2FFCAA11CE48B0600ADC54C /* UMSocialQQHandler.h */ = {isa = PBXFileReference; fileEncoding = 4; lastKnownFileType = sourcecode.c.h; path = UMSocialQQHandler.h; sourceTree = "<group>"; };
		B2FFCAA31CE48B0600ADC54C /* ios-social-sdk-shake.html */ = {isa = PBXFileReference; fileEncoding = 4; lastKnownFileType = text.html; path = "ios-social-sdk-shake.html"; sourceTree = "<group>"; };
		B2FFCAA41CE48B0600ADC54C /* libUMSocial_Sdk_ScreenShot_1.0.a */ = {isa = PBXFileReference; lastKnownFileType = archive.ar; path = libUMSocial_Sdk_ScreenShot_1.0.a; sourceTree = "<group>"; };
		B2FFCAA51CE48B0600ADC54C /* UMSocialScreenShoter.h */ = {isa = PBXFileReference; fileEncoding = 4; lastKnownFileType = sourcecode.c.h; path = UMSocialScreenShoter.h; sourceTree = "<group>"; };
		B2FFCAA71CE48B0600ADC54C /* ios-social-sdk-shake.html */ = {isa = PBXFileReference; fileEncoding = 4; lastKnownFileType = text.html; path = "ios-social-sdk-shake.html"; sourceTree = "<group>"; };
		B2FFCAA81CE48B0600ADC54C /* libUMSocial_Sdk_Shake_1.0.a */ = {isa = PBXFileReference; lastKnownFileType = archive.ar; path = libUMSocial_Sdk_Shake_1.0.a; sourceTree = "<group>"; };
		B2FFCAA91CE48B0600ADC54C /* UMSocialShakeService.h */ = {isa = PBXFileReference; fileEncoding = 4; lastKnownFileType = sourcecode.c.h; path = UMSocialShakeService.h; sourceTree = "<group>"; };
		B2FFCAAB1CE48B0600ADC54C /* libSocialWechat.a */ = {isa = PBXFileReference; lastKnownFileType = archive.ar; path = libSocialWechat.a; sourceTree = "<group>"; };
		B2FFCAAC1CE48B0600ADC54C /* libWeChatSDK.a */ = {isa = PBXFileReference; lastKnownFileType = archive.ar; path = libWeChatSDK.a; sourceTree = "<group>"; };
		B2FFCAAD1CE48B0600ADC54C /* UMSocialWechatHandler.h */ = {isa = PBXFileReference; fileEncoding = 4; lastKnownFileType = sourcecode.c.h; path = UMSocialWechatHandler.h; sourceTree = "<group>"; };
		B2FFCAAE1CE48B0600ADC54C /* WechatAuthSDK.h */ = {isa = PBXFileReference; fileEncoding = 4; lastKnownFileType = sourcecode.c.h; path = WechatAuthSDK.h; sourceTree = "<group>"; };
		B2FFCAAF1CE48B0600ADC54C /* WXApi.h */ = {isa = PBXFileReference; fileEncoding = 4; lastKnownFileType = sourcecode.c.h; path = WXApi.h; sourceTree = "<group>"; };
		B2FFCAB01CE48B0600ADC54C /* WXApiObject.h */ = {isa = PBXFileReference; fileEncoding = 4; lastKnownFileType = sourcecode.c.h; path = WXApiObject.h; sourceTree = "<group>"; };
		B2FFCAC91CE48CBF00ADC54C /* libsqlite3.tbd */ = {isa = PBXFileReference; lastKnownFileType = "sourcecode.text-based-dylib-definition"; name = libsqlite3.tbd; path = usr/lib/libsqlite3.tbd; sourceTree = SDKROOT; };
		B2FFCACB1CE48CDA00ADC54C /* libiconv.tbd */ = {isa = PBXFileReference; lastKnownFileType = "sourcecode.text-based-dylib-definition"; name = libiconv.tbd; path = usr/lib/libiconv.tbd; sourceTree = SDKROOT; };
		B2FFCACD1CE48D0000ADC54C /* libstdc++.tbd */ = {isa = PBXFileReference; lastKnownFileType = "sourcecode.text-based-dylib-definition"; name = "libstdc++.tbd"; path = "usr/lib/libstdc++.tbd"; sourceTree = SDKROOT; };
		B2FFCAD01CE48ED600ADC54C /* ImageIO.framework */ = {isa = PBXFileReference; lastKnownFileType = wrapper.framework; name = ImageIO.framework; path = System/Library/Frameworks/ImageIO.framework; sourceTree = SDKROOT; };
		CD8416C2AE2F58BAC0DC55D5 /* Pods-BaoKanIOS.debug.xcconfig */ = {isa = PBXFileReference; includeInIndex = 1; lastKnownFileType = text.xcconfig; name = "Pods-BaoKanIOS.debug.xcconfig"; path = "Pods/Target Support Files/Pods-BaoKanIOS/Pods-BaoKanIOS.debug.xcconfig"; sourceTree = "<group>"; };
		FBF0963C1C3A65E900046824 /* Assets.xcassets */ = {isa = PBXFileReference; lastKnownFileType = folder.assetcatalog; name = Assets.xcassets; path = BaoKanIOS/Assets.xcassets; sourceTree = SOURCE_ROOT; };
		FBF0963D1C3A65E900046824 /* Info.plist */ = {isa = PBXFileReference; fileEncoding = 4; lastKnownFileType = text.plist.xml; name = Info.plist; path = BaoKanIOS/Info.plist; sourceTree = SOURCE_ROOT; };
/* End PBXFileReference section */

/* Begin PBXFrameworksBuildPhase section */
		A50FF1EF1C26914500D2F040 /* Frameworks */ = {
			isa = PBXFrameworksBuildPhase;
			buildActionMask = 2147483647;
			files = (
				B2FFCAD11CE48ED600ADC54C /* ImageIO.framework in Frameworks */,
				B2FFCACF1CE48DA800ADC54C /* CoreGraphics.framework in Frameworks */,
				B2FFCACE1CE48D0000ADC54C /* libstdc++.tbd in Frameworks */,
				B2FFCACC1CE48CDA00ADC54C /* libiconv.tbd in Frameworks */,
				B2FFCACA1CE48CBF00ADC54C /* libsqlite3.tbd in Frameworks */,
				B2FFCAC01CE48B0600ADC54C /* libSocialQQ.a in Frameworks */,
				B2FFCAC81CE48B0600ADC54C /* libWeChatSDK.a in Frameworks */,
				B2FE1C371CB9F746001CCF99 /* Security.framework in Frameworks */,
				B2FFCABE1CE48B0600ADC54C /* libWeiboSDK.a in Frameworks */,
				B2FE1C361CB9F73B001CCF99 /* SystemConfiguration.framework in Frameworks */,
				B2FFCAC61CE48B0600ADC54C /* libUMSocial_Sdk_Shake_1.0.a in Frameworks */,
				B2FFCAC11CE48B0600ADC54C /* TencentOpenAPI.framework in Frameworks */,
				B2FE1C351CB9F733001CCF99 /* CoreTelephony.framework in Frameworks */,
				B2FFCAC41CE48B0600ADC54C /* libUMSocial_Sdk_ScreenShot_1.0.a in Frameworks */,
				B2FE1C341CB9F728001CCF99 /* CoreFoundation.framework in Frameworks */,
				B2FFCAB31CE48B0600ADC54C /* libUMSocial_Sdk_Comment_5.1.a in Frameworks */,
				B2FFCAB21CE48B0600ADC54C /* libUMSocial_Sdk_5.1.a in Frameworks */,
				B2FE1C331CB9F71F001CCF99 /* CFNetwork.framework in Frameworks */,
				B2FFCABD1CE48B0600ADC54C /* libSocialSinaSSO.a in Frameworks */,
				B2DD3FA31CB7BDF60092C717 /* libz.tbd in Frameworks */,
				B2FFCAC71CE48B0600ADC54C /* libSocialWechat.a in Frameworks */,
				755E8B5F4EF16AE272269967 /* Pods_BaoKanIOS.framework in Frameworks */,
			);
			runOnlyForDeploymentPostprocessing = 0;
		};
		A50FF2061C26914500D2F040 /* Frameworks */ = {
			isa = PBXFrameworksBuildPhase;
			buildActionMask = 2147483647;
			files = (
			);
			runOnlyForDeploymentPostprocessing = 0;
		};
		A50FF2111C26914500D2F040 /* Frameworks */ = {
			isa = PBXFrameworksBuildPhase;
			buildActionMask = 2147483647;
			files = (
			);
			runOnlyForDeploymentPostprocessing = 0;
		};
/* End PBXFrameworksBuildPhase section */

/* Begin PBXGroup section */
		3EA39A442FF374028F2FB4DA /* Pods */ = {
			isa = PBXGroup;
			children = (
				CD8416C2AE2F58BAC0DC55D5 /* Pods-BaoKanIOS.debug.xcconfig */,
				01DC12B5E10B2F7F1E1B571D /* Pods-BaoKanIOS.release.xcconfig */,
			);
			name = Pods;
			sourceTree = "<group>";
		};
		77621BEC203E4898E8E2D6B3 /* Frameworks */ = {
			isa = PBXGroup;
			children = (
				B2FFCAD01CE48ED600ADC54C /* ImageIO.framework */,
				B2FFCACD1CE48D0000ADC54C /* libstdc++.tbd */,
				B2FFCACB1CE48CDA00ADC54C /* libiconv.tbd */,
				B2FFCAC91CE48CBF00ADC54C /* libsqlite3.tbd */,
				B2FD9A081CB95F900005B8AF /* AdSupport.framework */,
				B2FD9A051CB95F7F0005B8AF /* UIKit.framework */,
				B2FD9A031CB95F760005B8AF /* Foundation.framework */,
				B2FD9A011CB95F6C0005B8AF /* CoreGraphics.framework */,
				B2DD3FA41CB7BE050092C717 /* Security.framework */,
				B2DD3FA21CB7BDF60092C717 /* libz.tbd */,
				B2DD3FA01CB7BDE50092C717 /* SystemConfiguration.framework */,
				B2DD3F9E1CB7BDDB0092C717 /* CoreTelephony.framework */,
				B2DD3F9C1CB7BDCF0092C717 /* CoreFoundation.framework */,
				B2DD3F9A1CB7BDC20092C717 /* CFNetwork.framework */,
				78AE24D9060DB0DB52A08859 /* Pods_BaoKanIOS.framework */,
			);
			name = Frameworks;
			sourceTree = "<group>";
		};
		A50FF1E91C26914500D2F040 = {
			isa = PBXGroup;
			children = (
				A50FF1F41C26914500D2F040 /* BaoKanIOS */,
				A50FF20C1C26914500D2F040 /* BaoKanIOSTests */,
				A50FF2171C26914500D2F040 /* BaoKanIOSUITests */,
				A50FF1F31C26914500D2F040 /* Products */,
				3EA39A442FF374028F2FB4DA /* Pods */,
				77621BEC203E4898E8E2D6B3 /* Frameworks */,
			);
			sourceTree = "<group>";
		};
		A50FF1F31C26914500D2F040 /* Products */ = {
			isa = PBXGroup;
			children = (
				A50FF1F21C26914500D2F040 /* BaoKanIOS.app */,
				A50FF2091C26914500D2F040 /* BaoKanIOSTests.xctest */,
				A50FF2141C26914500D2F040 /* BaoKanIOSUITests.xctest */,
			);
			name = Products;
			sourceTree = "<group>";
		};
		A50FF1F41C26914500D2F040 /* BaoKanIOS */ = {
			isa = PBXGroup;
			children = (
				A5B279BF1C36392F003C773D /* Resource */,
				A5B279BE1C36392F003C773D /* Other */,
				A5B279901C36392F003C773D /* Classes */,
			);
			path = BaoKanIOS;
			sourceTree = "<group>";
		};
		A50FF20C1C26914500D2F040 /* BaoKanIOSTests */ = {
			isa = PBXGroup;
			children = (
				A50FF20D1C26914500D2F040 /* BaoKanIOSTests.swift */,
				A50FF20F1C26914500D2F040 /* Info.plist */,
			);
			path = BaoKanIOSTests;
			sourceTree = "<group>";
		};
		A50FF2171C26914500D2F040 /* BaoKanIOSUITests */ = {
			isa = PBXGroup;
			children = (
				A50FF2181C26914500D2F040 /* BaoKanIOSUITests.swift */,
				A50FF21A1C26914500D2F040 /* Info.plist */,
			);
			path = BaoKanIOSUITests;
			sourceTree = "<group>";
		};
		A5B279901C36392F003C773D /* Classes */ = {
			isa = PBXGroup;
			children = (
				A5B279911C36392F003C773D /* Application */,
				A5B279931C36392F003C773D /* Categories */,
				A5B279BD1C36392F003C773D /* Vendor */,
				A5B279BA1C36392F003C773D /* Utils */,
				A5B279941C36392F003C773D /* Model */,
				A5B279951C36392F003C773D /* Module */,
			);
			path = Classes;
			sourceTree = "<group>";
		};
		A5B279911C36392F003C773D /* Application */ = {
			isa = PBXGroup;
			children = (
				A5B279921C36392F003C773D /* AppDelegate.swift */,
				A56BF6FE1C365919001E9F5A /* JFCommon.swift */,
				A55CD9011C76E47E0087CA0A /* api.swift */,
				B2DD3F961CB7BD4C0092C717 /* BaoKanIOS-Bridging-Header.h */,
			);
			path = Application;
			sourceTree = "<group>";
		};
		A5B279931C36392F003C773D /* Categories */ = {
			isa = PBXGroup;
			children = (
				A55CD9051C76EDF80087CA0A /* Color+Extension.swift */,
				A56ED56D1C7AB02F009B862D /* UIView+Extension.swift */,
				A56ED5711C7ABAB0009B862D /* String+Extension.swift */,
				B220AAED1CE1C424007FBBD2 /* UIImage+Extension.swift */,
			);
			path = Categories;
			sourceTree = "<group>";
		};
		A5B279941C36392F003C773D /* Model */ = {
			isa = PBXGroup;
			children = (
				A5309C261C47719900455EB8 /* JFArticleListModel.swift */,
				B2CBAA691CEAEAD6007DA5B7 /* JFAccountModel.swift */,
			);
			path = Model;
			sourceTree = "<group>";
		};
		A5B279951C36392F003C773D /* Module */ = {
			isa = PBXGroup;
			children = (
				A5B2799C1C36392F003C773D /* Main */,
				B2E3DF7F1CB222560081745A /* News */,
				B2E3DFA41CB228900081745A /* Photo */,
				B2E3DFB21CB228900081745A /* Video */,
				A5B279AE1C36392F003C773D /* Read */,
				A5B279A81C36392F003C773D /* Profile */,
			);
			path = Module;
			sourceTree = "<group>";
		};
		A5B2799C1C36392F003C773D /* Main */ = {
			isa = PBXGroup;
			children = (
				A5B2799D1C36392F003C773D /* Controller */,
				A5B279A01C36392F003C773D /* Model */,
				A5B279A11C36392F003C773D /* View */,
			);
			path = Main;
			sourceTree = "<group>";
		};
		A5B2799D1C36392F003C773D /* Controller */ = {
			isa = PBXGroup;
			children = (
				A5B2799E1C36392F003C773D /* JFNavigationController.swift */,
				A5B2799F1C36392F003C773D /* JFTabBarController.swift */,
			);
			path = Controller;
			sourceTree = "<group>";
		};
		A5B279A01C36392F003C773D /* Model */ = {
			isa = PBXGroup;
			children = (
			);
			path = Model;
			sourceTree = "<group>";
		};
		A5B279A11C36392F003C773D /* View */ = {
			isa = PBXGroup;
			children = (
			);
			path = View;
			sourceTree = "<group>";
		};
		A5B279A81C36392F003C773D /* Profile */ = {
			isa = PBXGroup;
			children = (
				A5B279A91C36392F003C773D /* Controller */,
				A5B279AC1C36392F003C773D /* Model */,
				A5B279AD1C36392F003C773D /* View */,
			);
			path = Profile;
			sourceTree = "<group>";
		};
		A5B279A91C36392F003C773D /* Controller */ = {
			isa = PBXGroup;
			children = (
				B2BD22761CE5DD5C009E0877 /* Collection */,
				B2BD22781CE5DD5C009E0877 /* Login */,
				B2BD22791CE5DD5C009E0877 /* Register */,
				A5B279AA1C36392F003C773D /* JFProfileViewController.storyboard */,
				A5B279AB1C36392F003C773D /* JFProfileViewController.swift */,
				B2FC6DFB1CDB880100DAC654 /* JFBaseTableViewController.swift */,
				B2BD226C1CE581B3009E0877 /* JFEditProfileViewController.swift */,
				B2BD226E1CE5823A009E0877 /* JFProfileFeedbackViewController.swift */,
				B2BD22701CE5829A009E0877 /* JFDutyViewController.swift */,
			);
			path = Controller;
			sourceTree = "<group>";
		};
		A5B279AC1C36392F003C773D /* Model */ = {
			isa = PBXGroup;
			children = (
				B2FC6DFF1CDB883E00DAC654 /* JFProfileCellGroupModel.swift */,
				B2FC6DFD1CDB882E00DAC654 /* JFProfileCellModel.swift */,
				B2FC6E011CDB885500DAC654 /* JFProfileCellArrowModel.swift */,
				B2FC6E031CDB889000DAC654 /* JFProfileCellLabelModel.swift */,
				B2FC6E051CDB88AF00DAC654 /* JFProfileCellSwitchModel.swift */,
			);
			path = Model;
			sourceTree = "<group>";
		};
		A5B279AD1C36392F003C773D /* View */ = {
			isa = PBXGroup;
			children = (
				B2FC6E071CDB88C900DAC654 /* JFProfileCell.swift */,
				B2CBAA6B1CEB0645007DA5B7 /* JFLoginButton.swift */,
			);
			path = View;
			sourceTree = "<group>";
		};
		A5B279AE1C36392F003C773D /* Read */ = {
			isa = PBXGroup;
			children = (
				A5B279AF1C36392F003C773D /* Controller */,
				A5B279B21C36392F003C773D /* Model */,
				A5B279B31C36392F003C773D /* View */,
			);
			path = Read;
			sourceTree = "<group>";
		};
		A5B279AF1C36392F003C773D /* Controller */ = {
			isa = PBXGroup;
			children = (
				A5B279B01C36392F003C773D /* JFReadViewController.storyboard */,
				A5B279B11C36392F003C773D /* JFReadViewController.swift */,
			);
			path = Controller;
			sourceTree = "<group>";
		};
		A5B279B21C36392F003C773D /* Model */ = {
			isa = PBXGroup;
			children = (
			);
			path = Model;
			sourceTree = "<group>";
		};
		A5B279B31C36392F003C773D /* View */ = {
			isa = PBXGroup;
			children = (
			);
			path = View;
			sourceTree = "<group>";
		};
		A5B279BA1C36392F003C773D /* Utils */ = {
			isa = PBXGroup;
			children = (
				A5B279BB1C36392F003C773D /* JFNetworkTool.swift */,
				A5B279BC1C36392F003C773D /* JFProgressHUD.swift */,
			);
			path = Utils;
			sourceTree = "<group>";
		};
		A5B279BD1C36392F003C773D /* Vendor */ = {
			isa = PBXGroup;
			children = (
				B2FFCA711CE48B0600ADC54C /* UMSocial_Sdk_5.1 */,
				B2FFCA8D1CE48B0600ADC54C /* UMSocial_Sdk_Extra_Frameworks */,
				B2FE1C2F1CB9F681001CCF99 /* JPush */,
			);
			path = Vendor;
			sourceTree = "<group>";
		};
		A5B279BE1C36392F003C773D /* Other */ = {
			isa = PBXGroup;
			children = (
				FBF0963C1C3A65E900046824 /* Assets.xcassets */,
				FBF0963D1C3A65E900046824 /* Info.plist */,
				A50FF2011C26914500D2F040 /* LaunchScreen.storyboard */,
			);
			path = Other;
			sourceTree = "<group>";
		};
		A5B279BF1C36392F003C773D /* Resource */ = {
			isa = PBXGroup;
			children = (
				A5B279C01C36392F003C773D /* BaoKanIOS.xcdatamodeld */,
				A56ED56F1C7AB5CA009B862D /* style.css */,
			);
			path = Resource;
			sourceTree = "<group>";
		};
		B2BD22761CE5DD5C009E0877 /* Collection */ = {
			isa = PBXGroup;
			children = (
				B2BD22771CE5DD5C009E0877 /* JFCollectionTableViewController.swift */,
			);
			path = Collection;
			sourceTree = "<group>";
		};
		B2BD22781CE5DD5C009E0877 /* Login */ = {
			isa = PBXGroup;
			children = (
				B2BD227D1CE5DDE0009E0877 /* JFLoginViewController.swift */,
				B2BD227E1CE5DDE0009E0877 /* JFLoginViewController.xib */,
			);
			path = Login;
			sourceTree = "<group>";
		};
		B2BD22791CE5DD5C009E0877 /* Register */ = {
			isa = PBXGroup;
			children = (
				B2BD22811CE5DDF3009E0877 /* JFRegisterViewController.swift */,
				B2BD22821CE5DDF3009E0877 /* JFRegisterViewController.xib */,
			);
			path = Register;
			sourceTree = "<group>";
		};
		B2E3DF7F1CB222560081745A /* News */ = {
			isa = PBXGroup;
			children = (
				B2E3DF801CB222560081745A /* Controller */,
				B2E3DF861CB222560081745A /* View */,
				B2F174631CB761E5007AA386 /* Model */,
			);
			path = News;
			sourceTree = "<group>";
		};
		B2E3DF801CB222560081745A /* Controller */ = {
			isa = PBXGroup;
			children = (
				B2E3DF821CB222560081745A /* JFNewsDetailViewController.swift */,
				B2E3DF831CB222560081745A /* JFNewsTableViewController.swift */,
				B2E3DF841CB222560081745A /* JFNewsViewController.storyboard */,
				B2E3DF851CB222560081745A /* JFNewsViewController.swift */,
				B24952821CEC47EC006229C2 /* JFCommentTableViewController.swift */,
			);
			path = Controller;
			sourceTree = "<group>";
		};
		B2E3DF861CB222560081745A /* View */ = {
			isa = PBXGroup;
			children = (
				B2E3DF871CB222560081745A /* JFDetailADCell.swift */,
				B2E3DF881CB222560081745A /* JFDetailOtherCell.swift */,
				B2E3DF891CB222560081745A /* JFNewsBottomBar.swift */,
				B2E3DF8A1CB222560081745A /* JFNewsBottomBar.xib */,
				B2E3DF8B1CB222560081745A /* JFNewsCell.swift */,
				B2E3DF8C1CB222560081745A /* JFTopLabel.swift */,
				B2FFCA6D1CE47B5F00ADC54C /* JFCommentCommitView.swift */,
				B2FFCA6F1CE47B6A00ADC54C /* JFCommentCommitView.xib */,
				B28716BD1CEC540800E1E3E5 /* JFCommentCell.swift */,
				B28716BE1CEC540800E1E3E5 /* JFCommentCell.xib */,
			);
			path = View;
			sourceTree = "<group>";
		};
		B2E3DFA41CB228900081745A /* Photo */ = {
			isa = PBXGroup;
			children = (
				B2E3DFA51CB228900081745A /* Controller */,
				B2E3DFAB1CB228900081745A /* View */,
				B2F174601CB761A1007AA386 /* Model */,
			);
			path = Photo;
			sourceTree = "<group>";
		};
		B2E3DFA51CB228900081745A /* Controller */ = {
			isa = PBXGroup;
			children = (
				B2003BCC1CB64531006D1C08 /* JFPhotoDetailViewController.swift */,
				B2E3DFA81CB228900081745A /* JFPhotoTableViewController.swift */,
				B2E3DFA91CB228900081745A /* JFPhotoViewController.storyboard */,
				B2E3DFAA1CB228900081745A /* JFPhotoViewController.swift */,
			);
			path = Controller;
			sourceTree = "<group>";
		};
		B2E3DFAB1CB228900081745A /* View */ = {
			isa = PBXGroup;
			children = (
				B2BD22721CE584DF009E0877 /* JFProgressView.swift */,
				B2E3DFB01CB228900081745A /* JFPhotoListCell.swift */,
				B2F174661CB764E0007AA386 /* JFPhotoDetailCell.swift */,
				B204229A1CED4FEF009227C8 /* JFPhotoBottomBar.swift */,
				B204229C1CED4FFD009227C8 /* JFPhotoBottomBar.xib */,
			);
			path = View;
			sourceTree = "<group>";
		};
		B2E3DFB21CB228900081745A /* Video */ = {
			isa = PBXGroup;
			children = (
				B2E3DFB31CB228900081745A /* Controller */,
				B2E3DFB91CB228900081745A /* View */,
			);
			path = Video;
			sourceTree = "<group>";
		};
		B2E3DFB31CB228900081745A /* Controller */ = {
			isa = PBXGroup;
			children = (
				B2E3DFB61CB228900081745A /* JFVideoTableViewController.swift */,
				B2E3DFB71CB228900081745A /* JFVideoViewController.storyboard */,
				B2E3DFB81CB228900081745A /* JFVideoViewController.swift */,
			);
			path = Controller;
			sourceTree = "<group>";
		};
		B2E3DFB91CB228900081745A /* View */ = {
			isa = PBXGroup;
			children = (
				B2E3DFBE1CB228900081745A /* JFVideoCell.swift */,
			);
			path = View;
			sourceTree = "<group>";
		};
		B2F174601CB761A1007AA386 /* Model */ = {
			isa = PBXGroup;
			children = (
				B2F174611CB761C3007AA386 /* JFPhotoDetailModel.swift */,
			);
			path = Model;
			sourceTree = "<group>";
		};
		B2F174631CB761E5007AA386 /* Model */ = {
			isa = PBXGroup;
			children = (
				B2F174641CB761F8007AA386 /* JFArticleDetailModel.swift */,
				B24952841CEC4A41006229C2 /* JFCommentModel.swift */,
			);
			path = Model;
			sourceTree = "<group>";
		};
		B2FE1C2F1CB9F681001CCF99 /* JPush */ = {
			isa = PBXGroup;
			children = (
				B2FE1C301CB9F696001CCF99 /* JPUSHService.h */,
				B2FE1C311CB9F696001CCF99 /* jpush-ios-2.1.5.a */,
			);
			path = JPush;
			sourceTree = "<group>";
		};
		B2FFCA711CE48B0600ADC54C /* UMSocial_Sdk_5.1 */ = {
			isa = PBXGroup;
			children = (
				B2FFCA721CE48B0600ADC54C /* UMSocialLocalizable.strings */,
				B2FFCA741CE48B0600ADC54C /* Header */,
				B2FFCA801CE48B0600ADC54C /* libUMSocial_Sdk_5.1.a */,
				B2FFCA811CE48B0600ADC54C /* libUMSocial_Sdk_Comment_5.1.a */,
				B2FFCA821CE48B0600ADC54C /* SocialSDKXib */,
				B2FFCA8B1CE48B0600ADC54C /* UMSocialSDKResourcesNew.bundle */,
			);
			path = UMSocial_Sdk_5.1;
			sourceTree = "<group>";
		};
		B2FFCA741CE48B0600ADC54C /* Header */ = {
			isa = PBXGroup;
			children = (
				B2FFCA751CE48B0600ADC54C /* UMSocial.h */,
				B2FFCA761CE48B0600ADC54C /* UMSocialAccountManager.h */,
				B2FFCA771CE48B0600ADC54C /* UMSocialBar.h */,
				B2FFCA781CE48B0600ADC54C /* UMSocialConfig.h */,
				B2FFCA791CE48B0600ADC54C /* UMSocialControllerService.h */,
				B2FFCA7A1CE48B0600ADC54C /* UMSocialControllerServiceComment.h */,
				B2FFCA7B1CE48B0600ADC54C /* UMSocialData.h */,
				B2FFCA7C1CE48B0600ADC54C /* UMSocialDataService.h */,
				B2FFCA7D1CE48B0600ADC54C /* UMSocialSnsData.h */,
				B2FFCA7E1CE48B0600ADC54C /* UMSocialSnsPlatformManager.h */,
				B2FFCA7F1CE48B0600ADC54C /* UMSocialSnsService.h */,
			);
			path = Header;
			sourceTree = "<group>";
		};
		B2FFCA821CE48B0600ADC54C /* SocialSDKXib */ = {
			isa = PBXGroup;
			children = (
				B2FFCA831CE48B0600ADC54C /* UMSCommentDetailController.xib */,
				B2FFCA841CE48B0600ADC54C /* UMSCommentInputController.xib */,
				B2FFCA851CE48B0600ADC54C /* UMSCommentInputControlleriPad.xib */,
				B2FFCA861CE48B0600ADC54C /* UMShareEditViewController.xib */,
				B2FFCA871CE48B0600ADC54C /* UMShareEditViewControlleriPad.xib */,
				B2FFCA881CE48B0600ADC54C /* UMSLoginViewController.xib */,
				B2FFCA891CE48B0600ADC54C /* UMSnsAccountViewController.xib */,
				B2FFCA8A1CE48B0600ADC54C /* UMSShareListController.xib */,
			);
			path = SocialSDKXib;
			sourceTree = "<group>";
		};
		B2FFCA8D1CE48B0600ADC54C /* UMSocial_Sdk_Extra_Frameworks */ = {
			isa = PBXGroup;
			children = (
				B2FFCA8E1CE48B0600ADC54C /* SinaSSO */,
				B2FFCA9D1CE48B0600ADC54C /* TencentOpenAPI */,
				B2FFCAA21CE48B0600ADC54C /* UMSocial_ScreenShot_Sdk */,
				B2FFCAA61CE48B0600ADC54C /* UMSocial_Shake_Sdk */,
				B2FFCAAA1CE48B0600ADC54C /* Wechat */,
			);
			path = UMSocial_Sdk_Extra_Frameworks;
			sourceTree = "<group>";
		};
		B2FFCA8E1CE48B0600ADC54C /* SinaSSO */ = {
			isa = PBXGroup;
			children = (
				B2FFCA8F1CE48B0600ADC54C /* libSocialSinaSSO.a */,
				B2FFCA901CE48B0600ADC54C /* libWeiboSDK.a */,
				B2FFCA911CE48B0600ADC54C /* UMSocialSinaSSOHandler.h */,
				B2FFCA921CE48B0600ADC54C /* WBHttpRequest+WeiboGame.h */,
				B2FFCA931CE48B0600ADC54C /* WBHttpRequest+WeiboShare.h */,
				B2FFCA941CE48B0600ADC54C /* WBHttpRequest+WeiboToken.h */,
				B2FFCA951CE48B0600ADC54C /* WBHttpRequest+WeiboUser.h */,
				B2FFCA961CE48B0600ADC54C /* WBHttpRequest.h */,
				B2FFCA971CE48B0600ADC54C /* WBSDKBasicButton.h */,
				B2FFCA981CE48B0600ADC54C /* WBSDKCommentButton.h */,
				B2FFCA991CE48B0600ADC54C /* WBSDKRelationshipButton.h */,
				B2FFCA9A1CE48B0600ADC54C /* WeiboSDK.bundle */,
				B2FFCA9B1CE48B0600ADC54C /* WeiboSDK.h */,
				B2FFCA9C1CE48B0600ADC54C /* WeiboUser.h */,
			);
			path = SinaSSO;
			sourceTree = "<group>";
		};
		B2FFCA9D1CE48B0600ADC54C /* TencentOpenAPI */ = {
			isa = PBXGroup;
			children = (
				B2FFCA9E1CE48B0600ADC54C /* libSocialQQ.a */,
				B2FFCA9F1CE48B0600ADC54C /* TencentOpenAPI.framework */,
				B2FFCAA01CE48B0600ADC54C /* TencentOpenApi_IOS_Bundle.bundle */,
				B2FFCAA11CE48B0600ADC54C /* UMSocialQQHandler.h */,
			);
			path = TencentOpenAPI;
			sourceTree = "<group>";
		};
		B2FFCAA21CE48B0600ADC54C /* UMSocial_ScreenShot_Sdk */ = {
			isa = PBXGroup;
			children = (
				B2FFCAA31CE48B0600ADC54C /* ios-social-sdk-shake.html */,
				B2FFCAA41CE48B0600ADC54C /* libUMSocial_Sdk_ScreenShot_1.0.a */,
				B2FFCAA51CE48B0600ADC54C /* UMSocialScreenShoter.h */,
			);
			path = UMSocial_ScreenShot_Sdk;
			sourceTree = "<group>";
		};
		B2FFCAA61CE48B0600ADC54C /* UMSocial_Shake_Sdk */ = {
			isa = PBXGroup;
			children = (
				B2FFCAA71CE48B0600ADC54C /* ios-social-sdk-shake.html */,
				B2FFCAA81CE48B0600ADC54C /* libUMSocial_Sdk_Shake_1.0.a */,
				B2FFCAA91CE48B0600ADC54C /* UMSocialShakeService.h */,
			);
			path = UMSocial_Shake_Sdk;
			sourceTree = "<group>";
		};
		B2FFCAAA1CE48B0600ADC54C /* Wechat */ = {
			isa = PBXGroup;
			children = (
				B2FFCAAB1CE48B0600ADC54C /* libSocialWechat.a */,
				B2FFCAAC1CE48B0600ADC54C /* libWeChatSDK.a */,
				B2FFCAAD1CE48B0600ADC54C /* UMSocialWechatHandler.h */,
				B2FFCAAE1CE48B0600ADC54C /* WechatAuthSDK.h */,
				B2FFCAAF1CE48B0600ADC54C /* WXApi.h */,
				B2FFCAB01CE48B0600ADC54C /* WXApiObject.h */,
			);
			path = Wechat;
			sourceTree = "<group>";
		};
/* End PBXGroup section */

/* Begin PBXNativeTarget section */
		A50FF1F11C26914500D2F040 /* BaoKanIOS */ = {
			isa = PBXNativeTarget;
			buildConfigurationList = A50FF21D1C26914500D2F040 /* Build configuration list for PBXNativeTarget "BaoKanIOS" */;
			buildPhases = (
				1CD0B7A8810D8E7DF665E767 /* Check Pods Manifest.lock */,
				A50FF1EE1C26914500D2F040 /* Sources */,
				A50FF1EF1C26914500D2F040 /* Frameworks */,
				A50FF1F01C26914500D2F040 /* Resources */,
				7471B2F23814B86FAF784EA0 /* Embed Pods Frameworks */,
				9F962E4DC5E6CB3FC875A2E8 /* Copy Pods Resources */,
				A56BF6FA1C3644A2001E9F5A /* CopyFiles */,
			);
			buildRules = (
			);
			dependencies = (
			);
			name = BaoKanIOS;
			productName = BaoKanIOS;
			productReference = A50FF1F21C26914500D2F040 /* BaoKanIOS.app */;
			productType = "com.apple.product-type.application";
		};
		A50FF2081C26914500D2F040 /* BaoKanIOSTests */ = {
			isa = PBXNativeTarget;
			buildConfigurationList = A50FF2201C26914500D2F040 /* Build configuration list for PBXNativeTarget "BaoKanIOSTests" */;
			buildPhases = (
				A50FF2051C26914500D2F040 /* Sources */,
				A50FF2061C26914500D2F040 /* Frameworks */,
				A50FF2071C26914500D2F040 /* Resources */,
			);
			buildRules = (
			);
			dependencies = (
				A50FF20B1C26914500D2F040 /* PBXTargetDependency */,
			);
			name = BaoKanIOSTests;
			productName = BaoKanIOSTests;
			productReference = A50FF2091C26914500D2F040 /* BaoKanIOSTests.xctest */;
			productType = "com.apple.product-type.bundle.unit-test";
		};
		A50FF2131C26914500D2F040 /* BaoKanIOSUITests */ = {
			isa = PBXNativeTarget;
			buildConfigurationList = A50FF2231C26914500D2F040 /* Build configuration list for PBXNativeTarget "BaoKanIOSUITests" */;
			buildPhases = (
				A50FF2101C26914500D2F040 /* Sources */,
				A50FF2111C26914500D2F040 /* Frameworks */,
				A50FF2121C26914500D2F040 /* Resources */,
			);
			buildRules = (
			);
			dependencies = (
				A50FF2161C26914500D2F040 /* PBXTargetDependency */,
			);
			name = BaoKanIOSUITests;
			productName = BaoKanIOSUITests;
			productReference = A50FF2141C26914500D2F040 /* BaoKanIOSUITests.xctest */;
			productType = "com.apple.product-type.bundle.ui-testing";
		};
/* End PBXNativeTarget section */

/* Begin PBXProject section */
		A50FF1EA1C26914500D2F040 /* Project object */ = {
			isa = PBXProject;
			attributes = {
				CLASSPREFIX = JF;
				LastSwiftUpdateCheck = 0730;
				LastUpgradeCheck = 0710;
				ORGANIZATIONNAME = "六阿哥";
				TargetAttributes = {
					A50FF1F11C26914500D2F040 = {
						CreatedOnToolsVersion = 7.1;
						SystemCapabilities = {
							com.apple.BackgroundModes = {
								enabled = 1;
							};
						};
					};
					A50FF2081C26914500D2F040 = {
						CreatedOnToolsVersion = 7.1;
						TestTargetID = A50FF1F11C26914500D2F040;
					};
					A50FF2131C26914500D2F040 = {
						CreatedOnToolsVersion = 7.1;
						TestTargetID = A50FF1F11C26914500D2F040;
					};
				};
			};
			buildConfigurationList = A50FF1ED1C26914500D2F040 /* Build configuration list for PBXProject "BaoKanIOS" */;
			compatibilityVersion = "Xcode 3.2";
			developmentRegion = English;
			hasScannedForEncodings = 0;
			knownRegions = (
				en,
				Base,
				"zh-Hans",
			);
			mainGroup = A50FF1E91C26914500D2F040;
			productRefGroup = A50FF1F31C26914500D2F040 /* Products */;
			projectDirPath = "";
			projectRoot = "";
			targets = (
				A50FF1F11C26914500D2F040 /* BaoKanIOS */,
				A50FF2081C26914500D2F040 /* BaoKanIOSTests */,
				A50FF2131C26914500D2F040 /* BaoKanIOSUITests */,
			);
		};
/* End PBXProject section */

/* Begin PBXResourcesBuildPhase section */
		A50FF1F01C26914500D2F040 /* Resources */ = {
			isa = PBXResourcesBuildPhase;
			buildActionMask = 2147483647;
			files = (
				B2FFCAB51CE48B0600ADC54C /* UMSCommentInputController.xib in Resources */,
				A56BF6FC1C364511001E9F5A /* LaunchScreen.storyboard in Resources */,
				B2FFCA701CE47B6A00ADC54C /* JFCommentCommitView.xib in Resources */,
				B2FFCABA1CE48B0600ADC54C /* UMSnsAccountViewController.xib in Resources */,
				B2FFCAB61CE48B0600ADC54C /* UMSCommentInputControlleriPad.xib in Resources */,
				B28716C01CEC540800E1E3E5 /* JFCommentCell.xib in Resources */,
				B2FFCAB11CE48B0600ADC54C /* UMSocialLocalizable.strings in Resources */,
				B2FFCABC1CE48B0600ADC54C /* UMSocialSDKResourcesNew.bundle in Resources */,
				B2E3DF951CB222560081745A /* JFNewsBottomBar.xib in Resources */,
				A5B279CB1C36392F003C773D /* JFReadViewController.storyboard in Resources */,
				A56ED5701C7AB5CA009B862D /* style.css in Resources */,
				B2FFCAB71CE48B0600ADC54C /* UMShareEditViewController.xib in Resources */,
				FBF0963E1C3A65E900046824 /* Assets.xcassets in Resources */,
				FBF0963F1C3A65E900046824 /* Info.plist in Resources */,
				B2FFCAB41CE48B0600ADC54C /* UMSCommentDetailController.xib in Resources */,
				B2FFCAC21CE48B0600ADC54C /* TencentOpenApi_IOS_Bundle.bundle in Resources */,
				B2FFCAC31CE48B0600ADC54C /* ios-social-sdk-shake.html in Resources */,
				B2E3DFCE1CB228900081745A /* JFVideoViewController.storyboard in Resources */,
				B2FFCAB81CE48B0600ADC54C /* UMShareEditViewControlleriPad.xib in Resources */,
				B2FFCABB1CE48B0600ADC54C /* UMSShareListController.xib in Resources */,
				B2FFCAB91CE48B0600ADC54C /* UMSLoginViewController.xib in Resources */,
				B204229D1CED4FFD009227C8 /* JFPhotoBottomBar.xib in Resources */,
				A5B279C91C36392F003C773D /* JFProfileViewController.storyboard in Resources */,
				B2FFCABF1CE48B0600ADC54C /* WeiboSDK.bundle in Resources */,
				B2BD22841CE5DDF3009E0877 /* JFRegisterViewController.xib in Resources */,
				B2BD22801CE5DDE0009E0877 /* JFLoginViewController.xib in Resources */,
				B2E3DF901CB222560081745A /* JFNewsViewController.storyboard in Resources */,
				B2E3DFC31CB228900081745A /* JFPhotoViewController.storyboard in Resources */,
				B2FFCAC51CE48B0600ADC54C /* ios-social-sdk-shake.html in Resources */,
			);
			runOnlyForDeploymentPostprocessing = 0;
		};
		A50FF2071C26914500D2F040 /* Resources */ = {
			isa = PBXResourcesBuildPhase;
			buildActionMask = 2147483647;
			files = (
			);
			runOnlyForDeploymentPostprocessing = 0;
		};
		A50FF2121C26914500D2F040 /* Resources */ = {
			isa = PBXResourcesBuildPhase;
			buildActionMask = 2147483647;
			files = (
			);
			runOnlyForDeploymentPostprocessing = 0;
		};
/* End PBXResourcesBuildPhase section */

/* Begin PBXShellScriptBuildPhase section */
		1CD0B7A8810D8E7DF665E767 /* Check Pods Manifest.lock */ = {
			isa = PBXShellScriptBuildPhase;
			buildActionMask = 2147483647;
			files = (
			);
			inputPaths = (
			);
			name = "Check Pods Manifest.lock";
			outputPaths = (
			);
			runOnlyForDeploymentPostprocessing = 0;
			shellPath = /bin/sh;
			shellScript = "diff \"${PODS_ROOT}/../Podfile.lock\" \"${PODS_ROOT}/Manifest.lock\" > /dev/null\nif [[ $? != 0 ]] ; then\n    cat << EOM\nerror: The sandbox is not in sync with the Podfile.lock. Run 'pod install' or update your CocoaPods installation.\nEOM\n    exit 1\nfi\n";
			showEnvVarsInLog = 0;
		};
		7471B2F23814B86FAF784EA0 /* Embed Pods Frameworks */ = {
			isa = PBXShellScriptBuildPhase;
			buildActionMask = 2147483647;
			files = (
			);
			inputPaths = (
			);
			name = "Embed Pods Frameworks";
			outputPaths = (
			);
			runOnlyForDeploymentPostprocessing = 0;
			shellPath = /bin/sh;
			shellScript = "\"${SRCROOT}/Pods/Target Support Files/Pods-BaoKanIOS/Pods-BaoKanIOS-frameworks.sh\"\n";
			showEnvVarsInLog = 0;
		};
		9F962E4DC5E6CB3FC875A2E8 /* Copy Pods Resources */ = {
			isa = PBXShellScriptBuildPhase;
			buildActionMask = 2147483647;
			files = (
			);
			inputPaths = (
			);
			name = "Copy Pods Resources";
			outputPaths = (
			);
			runOnlyForDeploymentPostprocessing = 0;
			shellPath = /bin/sh;
			shellScript = "\"${SRCROOT}/Pods/Target Support Files/Pods-BaoKanIOS/Pods-BaoKanIOS-resources.sh\"\n";
			showEnvVarsInLog = 0;
		};
/* End PBXShellScriptBuildPhase section */

/* Begin PBXSourcesBuildPhase section */
		A50FF1EE1C26914500D2F040 /* Sources */ = {
			isa = PBXSourcesBuildPhase;
			buildActionMask = 2147483647;
			files = (
				A5B279C21C36392F003C773D /* AppDelegate.swift in Sources */,
				B2E3DF8F1CB222560081745A /* JFNewsTableViewController.swift in Sources */,
				B2E3DFC91CB228900081745A /* JFPhotoListCell.swift in Sources */,
				B2FC6DFE1CDB882E00DAC654 /* JFProfileCellModel.swift in Sources */,
				A5B279D01C36392F003C773D /* JFProgressHUD.swift in Sources */,
				B2E3DF961CB222560081745A /* JFNewsCell.swift in Sources */,
				B2E3DF911CB222560081745A /* JFNewsViewController.swift in Sources */,
				B2FC6E061CDB88AF00DAC654 /* JFProfileCellSwitchModel.swift in Sources */,
				B2F174621CB761C3007AA386 /* JFPhotoDetailModel.swift in Sources */,
				B2BD226F1CE5823A009E0877 /* JFProfileFeedbackViewController.swift in Sources */,
				A5B279CA1C36392F003C773D /* JFProfileViewController.swift in Sources */,
				B2E3DFCD1CB228900081745A /* JFVideoTableViewController.swift in Sources */,
				A5B279CF1C36392F003C773D /* JFNetworkTool.swift in Sources */,
				B2BD22731CE584DF009E0877 /* JFProgressView.swift in Sources */,
				B2E3DF971CB222560081745A /* JFTopLabel.swift in Sources */,
				A5B279C51C36392F003C773D /* JFNavigationController.swift in Sources */,
				B2FFCA6E1CE47B5F00ADC54C /* JFCommentCommitView.swift in Sources */,
				B2F174651CB761F8007AA386 /* JFArticleDetailModel.swift in Sources */,
				A55CD9021C76E47E0087CA0A /* api.swift in Sources */,
				B2BD22711CE5829A009E0877 /* JFDutyViewController.swift in Sources */,
				B28716BF1CEC540800E1E3E5 /* JFCommentCell.swift in Sources */,
				B24952831CEC47EC006229C2 /* JFCommentTableViewController.swift in Sources */,
				B2E3DF921CB222560081745A /* JFDetailADCell.swift in Sources */,
				B2003BCD1CB64531006D1C08 /* JFPhotoDetailViewController.swift in Sources */,
				A56BF6FF1C365919001E9F5A /* JFCommon.swift in Sources */,
				B2BD226D1CE581B3009E0877 /* JFEditProfileViewController.swift in Sources */,
				A5B279D11C36392F003C773D /* BaoKanIOS.xcdatamodeld in Sources */,
				A55CD9061C76EDF80087CA0A /* Color+Extension.swift in Sources */,
				B24952851CEC4A41006229C2 /* JFCommentModel.swift in Sources */,
				B2FC6E001CDB883E00DAC654 /* JFProfileCellGroupModel.swift in Sources */,
				B2FC6E041CDB889000DAC654 /* JFProfileCellLabelModel.swift in Sources */,
				B2FC6E081CDB88C900DAC654 /* JFProfileCell.swift in Sources */,
				B2BD22831CE5DDF3009E0877 /* JFRegisterViewController.swift in Sources */,
				B2FC6E021CDB885500DAC654 /* JFProfileCellArrowModel.swift in Sources */,
				B2CBAA6C1CEB0645007DA5B7 /* JFLoginButton.swift in Sources */,
				A5309C271C47719900455EB8 /* JFArticleListModel.swift in Sources */,
				A56ED56E1C7AB02F009B862D /* UIView+Extension.swift in Sources */,
				B220AAEE1CE1C424007FBBD2 /* UIImage+Extension.swift in Sources */,
				B2E3DF8E1CB222560081745A /* JFNewsDetailViewController.swift in Sources */,
				B2E3DFD41CB228900081745A /* JFVideoCell.swift in Sources */,
				B2E3DFC21CB228900081745A /* JFPhotoTableViewController.swift in Sources */,
				A5B279C61C36392F003C773D /* JFTabBarController.swift in Sources */,
				B2E3DFCF1CB228900081745A /* JFVideoViewController.swift in Sources */,
				A56ED5721C7ABAB0009B862D /* String+Extension.swift in Sources */,
				B2CBAA6A1CEAEAD6007DA5B7 /* JFAccountModel.swift in Sources */,
				B2E3DF941CB222560081745A /* JFNewsBottomBar.swift in Sources */,
				B2FC6DFC1CDB880100DAC654 /* JFBaseTableViewController.swift in Sources */,
				B2E3DF931CB222560081745A /* JFDetailOtherCell.swift in Sources */,
				A5B279CC1C36392F003C773D /* JFReadViewController.swift in Sources */,
				B2BD227B1CE5DD5C009E0877 /* JFCollectionTableViewController.swift in Sources */,
				B2E3DFC41CB228900081745A /* JFPhotoViewController.swift in Sources */,
				B204229B1CED4FEF009227C8 /* JFPhotoBottomBar.swift in Sources */,
				B2BD227F1CE5DDE0009E0877 /* JFLoginViewController.swift in Sources */,
				B2F174671CB764E0007AA386 /* JFPhotoDetailCell.swift in Sources */,
			);
			runOnlyForDeploymentPostprocessing = 0;
		};
		A50FF2051C26914500D2F040 /* Sources */ = {
			isa = PBXSourcesBuildPhase;
			buildActionMask = 2147483647;
			files = (
				A50FF20E1C26914500D2F040 /* BaoKanIOSTests.swift in Sources */,
			);
			runOnlyForDeploymentPostprocessing = 0;
		};
		A50FF2101C26914500D2F040 /* Sources */ = {
			isa = PBXSourcesBuildPhase;
			buildActionMask = 2147483647;
			files = (
				A50FF2191C26914500D2F040 /* BaoKanIOSUITests.swift in Sources */,
			);
			runOnlyForDeploymentPostprocessing = 0;
		};
/* End PBXSourcesBuildPhase section */

/* Begin PBXTargetDependency section */
		A50FF20B1C26914500D2F040 /* PBXTargetDependency */ = {
			isa = PBXTargetDependency;
			target = A50FF1F11C26914500D2F040 /* BaoKanIOS */;
			targetProxy = A50FF20A1C26914500D2F040 /* PBXContainerItemProxy */;
		};
		A50FF2161C26914500D2F040 /* PBXTargetDependency */ = {
			isa = PBXTargetDependency;
			target = A50FF1F11C26914500D2F040 /* BaoKanIOS */;
			targetProxy = A50FF2151C26914500D2F040 /* PBXContainerItemProxy */;
		};
/* End PBXTargetDependency section */

/* Begin PBXVariantGroup section */
		A50FF2011C26914500D2F040 /* LaunchScreen.storyboard */ = {
			isa = PBXVariantGroup;
			children = (
				A50FF2021C26914500D2F040 /* Base */,
			);
			name = LaunchScreen.storyboard;
			path = ..;
			sourceTree = "<group>";
		};
		B2FFCA721CE48B0600ADC54C /* UMSocialLocalizable.strings */ = {
			isa = PBXVariantGroup;
			children = (
				B2FFCA731CE48B0600ADC54C /* en */,
				B2FFCA8C1CE48B0600ADC54C /* zh-Hans */,
			);
			name = UMSocialLocalizable.strings;
			sourceTree = "<group>";
		};
/* End PBXVariantGroup section */

/* Begin XCBuildConfiguration section */
		A50FF21B1C26914500D2F040 /* Debug */ = {
			isa = XCBuildConfiguration;
			buildSettings = {
				ALWAYS_SEARCH_USER_PATHS = NO;
				CLANG_CXX_LANGUAGE_STANDARD = "gnu++0x";
				CLANG_CXX_LIBRARY = "libc++";
				CLANG_ENABLE_MODULES = YES;
				CLANG_ENABLE_OBJC_ARC = YES;
				CLANG_WARN_BOOL_CONVERSION = YES;
				CLANG_WARN_CONSTANT_CONVERSION = YES;
				CLANG_WARN_DIRECT_OBJC_ISA_USAGE = YES_ERROR;
				CLANG_WARN_EMPTY_BODY = YES;
				CLANG_WARN_ENUM_CONVERSION = YES;
				CLANG_WARN_INT_CONVERSION = YES;
				CLANG_WARN_OBJC_ROOT_CLASS = YES_ERROR;
				CLANG_WARN_UNREACHABLE_CODE = YES;
				CLANG_WARN__DUPLICATE_METHOD_MATCH = YES;
				"CODE_SIGN_IDENTITY[sdk=iphoneos*]" = "iPhone Developer";
				COPY_PHASE_STRIP = NO;
				DEBUG_INFORMATION_FORMAT = dwarf;
				ENABLE_STRICT_OBJC_MSGSEND = YES;
				ENABLE_TESTABILITY = YES;
				GCC_C_LANGUAGE_STANDARD = gnu99;
				GCC_DYNAMIC_NO_PIC = NO;
				GCC_NO_COMMON_BLOCKS = YES;
				GCC_OPTIMIZATION_LEVEL = 0;
				GCC_PREPROCESSOR_DEFINITIONS = (
					"DEBUG=1",
					"$(inherited)",
				);
				GCC_WARN_64_TO_32_BIT_CONVERSION = YES;
				GCC_WARN_ABOUT_RETURN_TYPE = YES_ERROR;
				GCC_WARN_UNDECLARED_SELECTOR = YES;
				GCC_WARN_UNINITIALIZED_AUTOS = YES_AGGRESSIVE;
				GCC_WARN_UNUSED_FUNCTION = YES;
				GCC_WARN_UNUSED_VARIABLE = YES;
				IPHONEOS_DEPLOYMENT_TARGET = 9.1;
				MTL_ENABLE_DEBUG_INFO = YES;
				ONLY_ACTIVE_ARCH = YES;
				SDKROOT = iphoneos;
				SWIFT_OPTIMIZATION_LEVEL = "-Onone";
				TARGETED_DEVICE_FAMILY = "1,2";
			};
			name = Debug;
		};
		A50FF21C1C26914500D2F040 /* Release */ = {
			isa = XCBuildConfiguration;
			buildSettings = {
				ALWAYS_SEARCH_USER_PATHS = NO;
				CLANG_CXX_LANGUAGE_STANDARD = "gnu++0x";
				CLANG_CXX_LIBRARY = "libc++";
				CLANG_ENABLE_MODULES = YES;
				CLANG_ENABLE_OBJC_ARC = YES;
				CLANG_WARN_BOOL_CONVERSION = YES;
				CLANG_WARN_CONSTANT_CONVERSION = YES;
				CLANG_WARN_DIRECT_OBJC_ISA_USAGE = YES_ERROR;
				CLANG_WARN_EMPTY_BODY = YES;
				CLANG_WARN_ENUM_CONVERSION = YES;
				CLANG_WARN_INT_CONVERSION = YES;
				CLANG_WARN_OBJC_ROOT_CLASS = YES_ERROR;
				CLANG_WARN_UNREACHABLE_CODE = YES;
				CLANG_WARN__DUPLICATE_METHOD_MATCH = YES;
				"CODE_SIGN_IDENTITY[sdk=iphoneos*]" = "iPhone Developer";
				COPY_PHASE_STRIP = NO;
				DEBUG_INFORMATION_FORMAT = "dwarf-with-dsym";
				ENABLE_NS_ASSERTIONS = NO;
				ENABLE_STRICT_OBJC_MSGSEND = YES;
				GCC_C_LANGUAGE_STANDARD = gnu99;
				GCC_NO_COMMON_BLOCKS = YES;
				GCC_WARN_64_TO_32_BIT_CONVERSION = YES;
				GCC_WARN_ABOUT_RETURN_TYPE = YES_ERROR;
				GCC_WARN_UNDECLARED_SELECTOR = YES;
				GCC_WARN_UNINITIALIZED_AUTOS = YES_AGGRESSIVE;
				GCC_WARN_UNUSED_FUNCTION = YES;
				GCC_WARN_UNUSED_VARIABLE = YES;
				IPHONEOS_DEPLOYMENT_TARGET = 9.1;
				MTL_ENABLE_DEBUG_INFO = NO;
				SDKROOT = iphoneos;
				TARGETED_DEVICE_FAMILY = "1,2";
				VALIDATE_PRODUCT = YES;
			};
			name = Release;
		};
		A50FF21E1C26914500D2F040 /* Debug */ = {
			isa = XCBuildConfiguration;
			baseConfigurationReference = CD8416C2AE2F58BAC0DC55D5 /* Pods-BaoKanIOS.debug.xcconfig */;
			buildSettings = {
				ASSETCATALOG_COMPILER_APPICON_NAME = AppIcon;
				CLANG_ENABLE_MODULES = YES;
				CODE_SIGN_IDENTITY = "iPhone Developer";
				ENABLE_BITCODE = NO;
				FRAMEWORK_SEARCH_PATHS = (
					"$(inherited)",
					"$(PROJECT_DIR)/BaoKanIOS/Classes/Vendor/UMSocial_Sdk_Extra_Frameworks/TencentOpenAPI",
				);
				INFOPLIST_FILE = BaoKanIOS/Info.plist;
				IPHONEOS_DEPLOYMENT_TARGET = 9.0;
				LD_RUNPATH_SEARCH_PATHS = "$(inherited) @executable_path/Frameworks";
				LIBRARY_SEARCH_PATHS = (
					"$(inherited)",
					"$(PROJECT_DIR)/BaoKanIOS/Classes/Vendor/JPush",
					"$(PROJECT_DIR)/BaoKanIOS/Classes/Vendor/UMSocial_Sdk_5.1",
					"$(PROJECT_DIR)/BaoKanIOS/Classes/Vendor/UMSocial_Sdk_Extra_Frameworks/SinaSSO",
					"$(PROJECT_DIR)/BaoKanIOS/Classes/Vendor/UMSocial_Sdk_Extra_Frameworks/TencentOpenAPI",
					"$(PROJECT_DIR)/BaoKanIOS/Classes/Vendor/UMSocial_Sdk_Extra_Frameworks/UMSocial_ScreenShot_Sdk",
					"$(PROJECT_DIR)/BaoKanIOS/Classes/Vendor/UMSocial_Sdk_Extra_Frameworks/UMSocial_Shake_Sdk",
					"$(PROJECT_DIR)/BaoKanIOS/Classes/Vendor/UMSocial_Sdk_Extra_Frameworks/Wechat",
				);
				ONLY_ACTIVE_ARCH = YES;
				PRODUCT_BUNDLE_IDENTIFIER = cn.6ag.BaoKanIOS;
				PRODUCT_NAME = "$(TARGET_NAME)";
				SWIFT_OBJC_BRIDGING_HEADER = "BaoKanIOS/Classes/Application/BaoKanIOS-Bridging-Header.h";
				SWIFT_OPTIMIZATION_LEVEL = "-Onone";
				TARGETED_DEVICE_FAMILY = 1;
				USER_HEADER_SEARCH_PATHS = "";
			};
			name = Debug;
		};
		A50FF21F1C26914500D2F040 /* Release */ = {
			isa = XCBuildConfiguration;
			baseConfigurationReference = 01DC12B5E10B2F7F1E1B571D /* Pods-BaoKanIOS.release.xcconfig */;
			buildSettings = {
				ASSETCATALOG_COMPILER_APPICON_NAME = AppIcon;
				CLANG_ENABLE_MODULES = YES;
				CODE_SIGN_IDENTITY = "iPhone Developer";
				ENABLE_BITCODE = NO;
				FRAMEWORK_SEARCH_PATHS = (
					"$(inherited)",
					"$(PROJECT_DIR)/BaoKanIOS/Classes/Vendor/UMSocial_Sdk_Extra_Frameworks/TencentOpenAPI",
				);
				INFOPLIST_FILE = BaoKanIOS/Info.plist;
				IPHONEOS_DEPLOYMENT_TARGET = 9.0;
				LD_RUNPATH_SEARCH_PATHS = "$(inherited) @executable_path/Frameworks";
				LIBRARY_SEARCH_PATHS = (
					"$(inherited)",
					"$(PROJECT_DIR)/BaoKanIOS/Classes/Vendor/JPush",
					"$(PROJECT_DIR)/BaoKanIOS/Classes/Vendor/UMSocial_Sdk_5.1",
					"$(PROJECT_DIR)/BaoKanIOS/Classes/Vendor/UMSocial_Sdk_Extra_Frameworks/SinaSSO",
					"$(PROJECT_DIR)/BaoKanIOS/Classes/Vendor/UMSocial_Sdk_Extra_Frameworks/TencentOpenAPI",
					"$(PROJECT_DIR)/BaoKanIOS/Classes/Vendor/UMSocial_Sdk_Extra_Frameworks/UMSocial_ScreenShot_Sdk",
					"$(PROJECT_DIR)/BaoKanIOS/Classes/Vendor/UMSocial_Sdk_Extra_Frameworks/UMSocial_Shake_Sdk",
					"$(PROJECT_DIR)/BaoKanIOS/Classes/Vendor/UMSocial_Sdk_Extra_Frameworks/Wechat",
				);
				ONLY_ACTIVE_ARCH = YES;
				PRODUCT_BUNDLE_IDENTIFIER = cn.6ag.BaoKanIOS;
				PRODUCT_NAME = "$(TARGET_NAME)";
				SWIFT_OBJC_BRIDGING_HEADER = "BaoKanIOS/Classes/Application/BaoKanIOS-Bridging-Header.h";
				TARGETED_DEVICE_FAMILY = 1;
				USER_HEADER_SEARCH_PATHS = "";
			};
			name = Release;
		};
		A50FF2211C26914500D2F040 /* Debug */ = {
			isa = XCBuildConfiguration;
			buildSettings = {
				BUNDLE_LOADER = "$(TEST_HOST)";
				INFOPLIST_FILE = BaoKanIOSTests/Info.plist;
				LD_RUNPATH_SEARCH_PATHS = "$(inherited) @executable_path/Frameworks @loader_path/Frameworks";
				PRODUCT_BUNDLE_IDENTIFIER = cn.6ag.BaoKanIOSTests;
				PRODUCT_NAME = "$(TARGET_NAME)";
				TEST_HOST = "$(BUILT_PRODUCTS_DIR)/BaoKanIOS.app/BaoKanIOS";
			};
			name = Debug;
		};
		A50FF2221C26914500D2F040 /* Release */ = {
			isa = XCBuildConfiguration;
			buildSettings = {
				BUNDLE_LOADER = "$(TEST_HOST)";
				INFOPLIST_FILE = BaoKanIOSTests/Info.plist;
				LD_RUNPATH_SEARCH_PATHS = "$(inherited) @executable_path/Frameworks @loader_path/Frameworks";
				PRODUCT_BUNDLE_IDENTIFIER = cn.6ag.BaoKanIOSTests;
				PRODUCT_NAME = "$(TARGET_NAME)";
				TEST_HOST = "$(BUILT_PRODUCTS_DIR)/BaoKanIOS.app/BaoKanIOS";
			};
			name = Release;
		};
		A50FF2241C26914500D2F040 /* Debug */ = {
			isa = XCBuildConfiguration;
			buildSettings = {
				INFOPLIST_FILE = BaoKanIOSUITests/Info.plist;
				LD_RUNPATH_SEARCH_PATHS = "$(inherited) @executable_path/Frameworks @loader_path/Frameworks";
				PRODUCT_BUNDLE_IDENTIFIER = cn.6ag.BaoKanIOSUITests;
				PRODUCT_NAME = "$(TARGET_NAME)";
				TEST_TARGET_NAME = BaoKanIOS;
				USES_XCTRUNNER = YES;
			};
			name = Debug;
		};
		A50FF2251C26914500D2F040 /* Release */ = {
			isa = XCBuildConfiguration;
			buildSettings = {
				INFOPLIST_FILE = BaoKanIOSUITests/Info.plist;
				LD_RUNPATH_SEARCH_PATHS = "$(inherited) @executable_path/Frameworks @loader_path/Frameworks";
				PRODUCT_BUNDLE_IDENTIFIER = cn.6ag.BaoKanIOSUITests;
				PRODUCT_NAME = "$(TARGET_NAME)";
				TEST_TARGET_NAME = BaoKanIOS;
				USES_XCTRUNNER = YES;
			};
			name = Release;
		};
/* End XCBuildConfiguration section */

/* Begin XCConfigurationList section */
		A50FF1ED1C26914500D2F040 /* Build configuration list for PBXProject "BaoKanIOS" */ = {
			isa = XCConfigurationList;
			buildConfigurations = (
				A50FF21B1C26914500D2F040 /* Debug */,
				A50FF21C1C26914500D2F040 /* Release */,
			);
			defaultConfigurationIsVisible = 0;
			defaultConfigurationName = Release;
		};
		A50FF21D1C26914500D2F040 /* Build configuration list for PBXNativeTarget "BaoKanIOS" */ = {
			isa = XCConfigurationList;
			buildConfigurations = (
				A50FF21E1C26914500D2F040 /* Debug */,
				A50FF21F1C26914500D2F040 /* Release */,
			);
			defaultConfigurationIsVisible = 0;
			defaultConfigurationName = Release;
		};
		A50FF2201C26914500D2F040 /* Build configuration list for PBXNativeTarget "BaoKanIOSTests" */ = {
			isa = XCConfigurationList;
			buildConfigurations = (
				A50FF2211C26914500D2F040 /* Debug */,
				A50FF2221C26914500D2F040 /* Release */,
			);
			defaultConfigurationIsVisible = 0;
			defaultConfigurationName = Release;
		};
		A50FF2231C26914500D2F040 /* Build configuration list for PBXNativeTarget "BaoKanIOSUITests" */ = {
			isa = XCConfigurationList;
			buildConfigurations = (
				A50FF2241C26914500D2F040 /* Debug */,
				A50FF2251C26914500D2F040 /* Release */,
			);
			defaultConfigurationIsVisible = 0;
			defaultConfigurationName = Release;
		};
/* End XCConfigurationList section */

/* Begin XCVersionGroup section */
		A5B279C01C36392F003C773D /* BaoKanIOS.xcdatamodeld */ = {
			isa = XCVersionGroup;
			children = (
				A5B279C11C36392F003C773D /* BaoKanIOS.xcdatamodel */,
			);
			currentVersion = A5B279C11C36392F003C773D /* BaoKanIOS.xcdatamodel */;
			path = BaoKanIOS.xcdatamodeld;
			sourceTree = "<group>";
			versionGroupType = wrapper.xcdatamodel;
		};
/* End XCVersionGroup section */
	};
	rootObject = A50FF1EA1C26914500D2F040 /* Project object */;
}
